Microsoft Visual Studio Solution File, Format Version 11.00
# Visual Studio 2010
Project("{2150E333-8FDC-42A3-9474-1A3956D46DE8}") = "(allocator)", "..\base\allocator", "{6478B9F3-4858-63F4-35F4-98A303E305F3}"
EndProject
Project("{2150E333-8FDC-42A3-9474-1A3956D46DE8}") = "(base)", "..\base", "{9785FB75-982A-5DE3-252D-3F288B9FEF5B}"
EndProject
Project("{2150E333-8FDC-42A3-9474-1A3956D46DE8}") = "(testing)", "..\testing", "{EAC80D00-01D2-3F49-A377-20B7154947F3}"
EndProject
Project("{2150E333-8FDC-42A3-9474-1A3956D46DE8}") = "(third_party)", "..\base\third_party", "{3E7FA5AF-27B3-2DE0-883C-12F98E7F4E81}"
EndProject
Project("{2150E333-8FDC-42A3-9474-1A3956D46DE8}") = "(third_party)", "..\third_party", "{89C816A7-DD31-D54C-C69C-5A80E0C49B77}"
EndProject
Project("{2150E333-8FDC-42A3-9474-1A3956D46DE8}") = "(win8)", ".", "{1347D62C-1360-D05A-9309-25E844510473}"
EndProject
Project("{8BC9CEB8-8B4A-11D0-8D11-00A0C91BC942}") = "allocator_extension_thunks", "..\base\allocator\allocator_extension_thunks.vcxproj", "{BC48C056-ACC9-02E7-13E4-ADC442DE6C2A}"
EndProject
Project("{8BC9CEB8-8B4A-11D0-8D11-00A0C91BC942}") = "base", "..\base\base.vcxproj", "{730E5CF2-D96D-CB16-9476-5B3AB5872EAB}"
	ProjectSection(ProjectDependencies) = postProject
		{8B8D9113-8938-DA49-3035-D94C6741E6F2} = {8B8D9113-8938-DA49-3035-D94C6741E6F2}
	EndProjectSection
EndProject
Project("{8BC9CEB8-8B4A-11D0-8D11-00A0C91BC942}") = "base_static", "..\base\base_static.vcxproj", "{389A9186-B2B0-A7FC-9DAD-3A48BF240951}"
EndProject
Project("{8BC9CEB8-8B4A-11D0-8D11-00A0C91BC942}") = "check_sdk_patch", "check_sdk_patch.vcxproj", "{D2A2C59F-0A13-4677-14DA-4AB16D57C143}"
EndProject
Project("{8BC9CEB8-8B4A-11D0-8D11-00A0C91BC942}") = "dynamic_annotations", "..\base\third_party\dynamic_annotations\dynamic_annotations.vcxproj", "{469A6C22-96F3-1A5D-988D-343E7ED10A15}"
EndProject
Project("{8BC9CEB8-8B4A-11D0-8D11-00A0C91BC942}") = "gtest_prod", "..\testing\gtest_prod.vcxproj", "{8B8D9113-8938-DA49-3035-D94C6741E6F2}"
EndProject
Project("{8BC9CEB8-8B4A-11D0-8D11-00A0C91BC942}") = "metro_viewer", "metro_viewer.vcxproj", "{29398F5E-E379-4188-440C-EEB52358A3C3}"
EndProject
Project("{8BC9CEB8-8B4A-11D0-8D11-00A0C91BC942}") = "modp_b64", "..\third_party\modp_b64\modp_b64.vcxproj", "{B8BBB78C-1F1A-0E78-3C67-68A5109D3DE6}"
EndProject
Project("{8BC9CEB8-8B4A-11D0-8D11-00A0C91BC942}") = "test_registrar_constants", "test_registrar_constants.vcxproj", "{77CF1E06-A277-4C96-2B04-AEB6235E6BA6}"
EndProject
Project("{8BC9CEB8-8B4A-11D0-8D11-00A0C91BC942}") = "test_support_win8", "test_support_win8.vcxproj", "{2C8CA3A2-045C-4875-33FE-67252711A934}"
EndProject
Project("{8BC9CEB8-8B4A-11D0-8D11-00A0C91BC942}") = "win8_util", "win8_util.vcxproj", "{82A0135F-D65C-0544-E7A4-A6E11EA5DC94}"
EndProject
Global
	GlobalSection(SolutionConfigurationPlatforms) = preSolution
		Release|x64 = Release|x64
		Debug|Win32 = Debug|Win32
		Debug|x64 = Debug|x64
		Release|Win32 = Release|Win32
	EndGlobalSection
	GlobalSection(ProjectConfigurationPlatforms) = postSolution
		{29398F5E-E379-4188-440C-EEB52358A3C3}.Release|x64.ActiveCfg = Release|x64
		{29398F5E-E379-4188-440C-EEB52358A3C3}.Release|x64.Build.0 = Release|x64
		{29398F5E-E379-4188-440C-EEB52358A3C3}.Debug|Win32.ActiveCfg = Debug|Win32
		{29398F5E-E379-4188-440C-EEB52358A3C3}.Debug|Win32.Build.0 = Debug|Win32
		{29398F5E-E379-4188-440C-EEB52358A3C3}.Debug|x64.ActiveCfg = Debug|x64
		{29398F5E-E379-4188-440C-EEB52358A3C3}.Debug|x64.Build.0 = Debug|x64
		{29398F5E-E379-4188-440C-EEB52358A3C3}.Release|Win32.ActiveCfg = Release|Win32
		{29398F5E-E379-4188-440C-EEB52358A3C3}.Release|Win32.Build.0 = Release|Win32
		{2C8CA3A2-045C-4875-33FE-67252711A934}.Release|x64.ActiveCfg = Release|x64
		{2C8CA3A2-045C-4875-33FE-67252711A934}.Release|x64.Build.0 = Release|x64
		{2C8CA3A2-045C-4875-33FE-67252711A934}.Debug|Win32.ActiveCfg = Debug|Win32
		{2C8CA3A2-045C-4875-33FE-67252711A934}.Debug|Win32.Build.0 = Debug|Win32
		{2C8CA3A2-045C-4875-33FE-67252711A934}.Debug|x64.ActiveCfg = Debug|x64
		{2C8CA3A2-045C-4875-33FE-67252711A934}.Debug|x64.Build.0 = Debug|x64
		{2C8CA3A2-045C-4875-33FE-67252711A934}.Release|Win32.ActiveCfg = Release|Win32
		{2C8CA3A2-045C-4875-33FE-67252711A934}.Release|Win32.Build.0 = Release|Win32
		{389A9186-B2B0-A7FC-9DAD-3A48BF240951}.Release|x64.ActiveCfg = Release|x64
		{389A9186-B2B0-A7FC-9DAD-3A48BF240951}.Release|x64.Build.0 = Release|x64
		{389A9186-B2B0-A7FC-9DAD-3A48BF240951}.Debug|Win32.ActiveCfg = Debug|Win32
		{389A9186-B2B0-A7FC-9DAD-3A48BF240951}.Debug|Win32.Build.0 = Debug|Win32
		{389A9186-B2B0-A7FC-9DAD-3A48BF240951}.Debug|x64.ActiveCfg = Debug|x64
		{389A9186-B2B0-A7FC-9DAD-3A48BF240951}.Debug|x64.Build.0 = Debug|x64
		{389A9186-B2B0-A7FC-9DAD-3A48BF240951}.Release|Win32.ActiveCfg = Release|Win32
		{389A9186-B2B0-A7FC-9DAD-3A48BF240951}.Release|Win32.Build.0 = Release|Win32
		{469A6C22-96F3-1A5D-988D-343E7ED10A15}.Release|x64.ActiveCfg = Release|x64
		{469A6C22-96F3-1A5D-988D-343E7ED10A15}.Release|x64.Build.0 = Release|x64
		{469A6C22-96F3-1A5D-988D-343E7ED10A15}.Debug|Win32.ActiveCfg = Debug|Win32
		{469A6C22-96F3-1A5D-988D-343E7ED10A15}.Debug|Win32.Build.0 = Debug|Win32
		{469A6C22-96F3-1A5D-988D-343E7ED10A15}.Debug|x64.ActiveCfg = Debug|x64
		{469A6C22-96F3-1A5D-988D-343E7ED10A15}.Debug|x64.Build.0 = Debug|x64
		{469A6C22-96F3-1A5D-988D-343E7ED10A15}.Release|Win32.ActiveCfg = Release|Win32
		{469A6C22-96F3-1A5D-988D-343E7ED10A15}.Release|Win32.Build.0 = Release|Win32
		{730E5CF2-D96D-CB16-9476-5B3AB5872EAB}.Release|x64.ActiveCfg = Release|x64
		{730E5CF2-D96D-CB16-9476-5B3AB5872EAB}.Release|x64.Build.0 = Release|x64
		{730E5CF2-D96D-CB16-9476-5B3AB5872EAB}.Debug|Win32.ActiveCfg = Debug|Win32
		{730E5CF2-D96D-CB16-9476-5B3AB5872EAB}.Debug|Win32.Build.0 = Debug|Win32
		{730E5CF2-D96D-CB16-9476-5B3AB5872EAB}.Debug|x64.ActiveCfg = Debug|x64
		{730E5CF2-D96D-CB16-9476-5B3AB5872EAB}.Debug|x64.Build.0 = Debug|x64
		{730E5CF2-D96D-CB16-9476-5B3AB5872EAB}.Release|Win32.ActiveCfg = Release|Win32
		{730E5CF2-D96D-CB16-9476-5B3AB5872EAB}.Release|Win32.Build.0 = Release|Win32
		{77CF1E06-A277-4C96-2B04-AEB6235E6BA6}.Release|x64.ActiveCfg = Release|x64
		{77CF1E06-A277-4C96-2B04-AEB6235E6BA6}.Release|x64.Build.0 = Release|x64
		{77CF1E06-A277-4C96-2B04-AEB6235E6BA6}.Debug|Win32.ActiveCfg = Debug|Win32
		{77CF1E06-A277-4C96-2B04-AEB6235E6BA6}.Debug|Win32.Build.0 = Debug|Win32
		{77CF1E06-A277-4C96-2B04-AEB6235E6BA6}.Debug|x64.ActiveCfg = Debug|x64
		{77CF1E06-A277-4C96-2B04-AEB6235E6BA6}.Debug|x64.Build.0 = Debug|x64
		{77CF1E06-A277-4C96-2B04-AEB6235E6BA6}.Release|Win32.ActiveCfg = Release|Win32
		{77CF1E06-A277-4C96-2B04-AEB6235E6BA6}.Release|Win32.Build.0 = Release|Win32
		{82A0135F-D65C-0544-E7A4-A6E11EA5DC94}.Release|x64.ActiveCfg = Release|x64
		{82A0135F-D65C-0544-E7A4-A6E11EA5DC94}.Release|x64.Build.0 = Release|x64
		{82A0135F-D65C-0544-E7A4-A6E11EA5DC94}.Debug|Win32.ActiveCfg = Debug|Win32
		{82A0135F-D65C-0544-E7A4-A6E11EA5DC94}.Debug|Win32.Build.0 = Debug|Win32
		{82A0135F-D65C-0544-E7A4-A6E11EA5DC94}.Debug|x64.ActiveCfg = Debug|x64
		{82A0135F-D65C-0544-E7A4-A6E11EA5DC94}.Debug|x64.Build.0 = Debug|x64
		{82A0135F-D65C-0544-E7A4-A6E11EA5DC94}.Release|Win32.ActiveCfg = Release|Win32
		{82A0135F-D65C-0544-E7A4-A6E11EA5DC94}.Release|Win32.Build.0 = Release|Win32
		{8B8D9113-8938-DA49-3035-D94C6741E6F2}.Release|x64.ActiveCfg = Release|x64
		{8B8D9113-8938-DA49-3035-D94C6741E6F2}.Release|x64.Build.0 = Release|x64
		{8B8D9113-8938-DA49-3035-D94C6741E6F2}.Debug|Win32.ActiveCfg = Debug|Win32
		{8B8D9113-8938-DA49-3035-D94C6741E6F2}.Debug|Win32.Build.0 = Debug|Win32
		{8B8D9113-8938-DA49-3035-D94C6741E6F2}.Debug|x64.ActiveCfg = Debug|x64
		{8B8D9113-8938-DA49-3035-D94C6741E6F2}.Debug|x64.Build.0 = Debug|x64
		{8B8D9113-8938-DA49-3035-D94C6741E6F2}.Release|Win32.ActiveCfg = Release|Win32
		{8B8D9113-8938-DA49-3035-D94C6741E6F2}.Release|Win32.Build.0 = Release|Win32
		{B8BBB78C-1F1A-0E78-3C67-68A5109D3DE6}.Release|x64.ActiveCfg = Release|x64
		{B8BBB78C-1F1A-0E78-3C67-68A5109D3DE6}.Release|x64.Build.0 = Release|x64
		{B8BBB78C-1F1A-0E78-3C67-68A5109D3DE6}.Debug|Win32.ActiveCfg = Debug|Win32
		{B8BBB78C-1F1A-0E78-3C67-68A5109D3DE6}.Debug|Win32.Build.0 = Debug|Win32
		{B8BBB78C-1F1A-0E78-3C67-68A5109D3DE6}.Debug|x64.ActiveCfg = Debug|x64
		{B8BBB78C-1F1A-0E78-3C67-68A5109D3DE6}.Debug|x64.Build.0 = Debug|x64
		{B8BBB78C-1F1A-0E78-3C67-68A5109D3DE6}.Release|Win32.ActiveCfg = Release|Win32
		{B8BBB78C-1F1A-0E78-3C67-68A5109D3DE6}.Release|Win32.Build.0 = Release|Win32
		{BC48C056-ACC9-02E7-13E4-ADC442DE6C2A}.Release|x64.ActiveCfg = Release|x64
		{BC48C056-ACC9-02E7-13E4-ADC442DE6C2A}.Release|x64.Build.0 = Release|x64
		{BC48C056-ACC9-02E7-13E4-ADC442DE6C2A}.Debug|Win32.ActiveCfg = Debug|Win32
		{BC48C056-ACC9-02E7-13E4-ADC442DE6C2A}.Debug|Win32.Build.0 = Debug|Win32
		{BC48C056-ACC9-02E7-13E4-ADC442DE6C2A}.Debug|x64.ActiveCfg = Debug|x64
		{BC48C056-ACC9-02E7-13E4-ADC442DE6C2A}.Debug|x64.Build.0 = Debug|x64
		{BC48C056-ACC9-02E7-13E4-ADC442DE6C2A}.Release|Win32.ActiveCfg = Release|Win32
		{BC48C056-ACC9-02E7-13E4-ADC442DE6C2A}.Release|Win32.Build.0 = Release|Win32
		{D2A2C59F-0A13-4677-14DA-4AB16D57C143}.Release|x64.ActiveCfg = Release|x64
		{D2A2C59F-0A13-4677-14DA-4AB16D57C143}.Release|x64.Build.0 = Release|x64
		{D2A2C59F-0A13-4677-14DA-4AB16D57C143}.Debug|Win32.ActiveCfg = Debug|Win32
		{D2A2C59F-0A13-4677-14DA-4AB16D57C143}.Debug|Win32.Build.0 = Debug|Win32
		{D2A2C59F-0A13-4677-14DA-4AB16D57C143}.Debug|x64.ActiveCfg = Debug|x64
		{D2A2C59F-0A13-4677-14DA-4AB16D57C143}.Debug|x64.Build.0 = Debug|x64
		{D2A2C59F-0A13-4677-14DA-4AB16D57C143}.Release|Win32.ActiveCfg = Release|Win32
		{D2A2C59F-0A13-4677-14DA-4AB16D57C143}.Release|Win32.Build.0 = Release|Win32
	EndGlobalSection
	GlobalSection(SolutionProperties) = preSolution
		HideSolutionNode = FALSE
	EndGlobalSection
	GlobalSection(NestedProjects) = preSolution
		{BC48C056-ACC9-02E7-13E4-ADC442DE6C2A} = {6478B9F3-4858-63F4-35F4-98A303E305F3}
		{6478B9F3-4858-63F4-35F4-98A303E305F3} = {9785FB75-982A-5DE3-252D-3F288B9FEF5B}
		{3E7FA5AF-27B3-2DE0-883C-12F98E7F4E81} = {9785FB75-982A-5DE3-252D-3F288B9FEF5B}
		{730E5CF2-D96D-CB16-9476-5B3AB5872EAB} = {9785FB75-982A-5DE3-252D-3F288B9FEF5B}
		{389A9186-B2B0-A7FC-9DAD-3A48BF240951} = {9785FB75-982A-5DE3-252D-3F288B9FEF5B}
		{8B8D9113-8938-DA49-3035-D94C6741E6F2} = {EAC80D00-01D2-3F49-A377-20B7154947F3}
		{469A6C22-96F3-1A5D-988D-343E7ED10A15} = {3E7FA5AF-27B3-2DE0-883C-12F98E7F4E81}
		{B8BBB78C-1F1A-0E78-3C67-68A5109D3DE6} = {89C816A7-DD31-D54C-C69C-5A80E0C49B77}
		{D2A2C59F-0A13-4677-14DA-4AB16D57C143} = {1347D62C-1360-D05A-9309-25E844510473}
		{29398F5E-E379-4188-440C-EEB52358A3C3} = {1347D62C-1360-D05A-9309-25E844510473}
		{77CF1E06-A277-4C96-2B04-AEB6235E6BA6} = {1347D62C-1360-D05A-9309-25E844510473}
		{2C8CA3A2-045C-4875-33FE-67252711A934} = {1347D62C-1360-D05A-9309-25E844510473}
		{82A0135F-D65C-0544-E7A4-A6E11EA5DC94} = {1347D62C-1360-D05A-9309-25E844510473}
	EndGlobalSection
EndGlobal
