<?xml version="1.0" encoding="utf-8"?>
<Project ToolsVersion="4.0" xmlns="http://schemas.microsoft.com/developer/msbuild/2003">
  <ItemGroup>
    <Filter Include="ext">
      <UniqueIdentifier>{3EE5B703-384C-67C2-8DE0-73108365DC85}</UniqueIdentifier>
    </Filter>
    <Filter Include="ext\_excluded_files">
      <UniqueIdentifier>{158E591E-B6EA-0C85-8F5A-18EAFA09B4CE}</UniqueIdentifier>
    </Filter>
  </ItemGroup>
  <ItemGroup>
    <None Include="skia.gyp"/>
    <ClInclude Include="ext\bitmap_platform_device_win.h">
      <Filter>ext</Filter>
    </ClInclude>
    <ClInclude Include="ext\skia_utils_base.h">
      <Filter>ext</Filter>
    </ClInclude>
    <ClCompile Include="ext\bitmap_platform_device_win.cc">
      <Filter>ext</Filter>
    </ClCompile>
    <ClInclude Include="ext\skia_trace_shim.h">
      <Filter>ext</Filter>
    </ClInclude>
    <ClCompile Include="ext\skia_utils_win.cc">
      <Filter>ext</Filter>
    </ClCompile>
    <ClInclude Include="ext\bitmap_platform_device_data.h">
      <Filter>ext</Filter>
    </ClInclude>
    <ClInclude Include="ext\lazy_pixel_ref.h">
      <Filter>ext</Filter>
    </ClInclude>
    <ClCompile Include="ext\image_operations.cc">
      <Filter>ext</Filter>
    </ClCompile>
    <ClCompile Include="ext\paint_simplifier.cc">
      <Filter>ext</Filter>
    </ClCompile>
    <ClInclude Include="ext\vector_canvas.h">
      <Filter>ext</Filter>
    </ClInclude>
    <ClInclude Include="ext\bitmap_platform_device_mac.h">
      <Filter>ext</Filter>
    </ClInclude>
    <ClCompile Include="ext\platform_device_win.cc">
      <Filter>ext</Filter>
    </ClCompile>
    <ClCompile Include="ext\lazy_pixel_ref.cc">
      <Filter>ext</Filter>
    </ClCompile>
    <ClInclude Include="ext\paint_simplifier.h">
      <Filter>ext</Filter>
    </ClInclude>
    <ClCompile Include="ext\opacity_draw_filter.cc">
      <Filter>ext</Filter>
    </ClCompile>
    <ClCompile Include="ext\skia_utils_base.cc">
      <Filter>ext</Filter>
    </ClCompile>
    <ClInclude Include="ext\recursive_gaussian_convolution.h">
      <Filter>ext</Filter>
    </ClInclude>
    <ClInclude Include="ext\vector_platform_device_skia.h">
      <Filter>ext</Filter>
    </ClInclude>
    <ClCompile Include="ext\platform_device.cc">
      <Filter>ext</Filter>
    </ClCompile>
    <ClInclude Include="ext\opacity_draw_filter.h">
      <Filter>ext</Filter>
    </ClInclude>
    <ClInclude Include="ext\convolver.h">
      <Filter>ext</Filter>
    </ClInclude>
    <ClInclude Include="ext\platform_device.h">
      <Filter>ext</Filter>
    </ClInclude>
    <ClInclude Include="ext\bitmap_platform_device_linux.h">
      <Filter>ext</Filter>
    </ClInclude>
    <ClInclude Include="ext\bitmap_platform_device_android.h">
      <Filter>ext</Filter>
    </ClInclude>
    <ClInclude Include="ext\skia_utils_win.h">
      <Filter>ext</Filter>
    </ClInclude>
    <ClCompile Include="ext\analysis_canvas.cc">
      <Filter>ext</Filter>
    </ClCompile>
    <ClInclude Include="ext\benchmarking_canvas.h">
      <Filter>ext</Filter>
    </ClInclude>
    <ClCompile Include="ext\convolver.cc">
      <Filter>ext</Filter>
    </ClCompile>
    <ClInclude Include="ext\refptr.h">
      <Filter>ext</Filter>
    </ClInclude>
    <ClCompile Include="ext\vector_platform_device_skia.cc">
      <Filter>ext</Filter>
    </ClCompile>
    <ClInclude Include="ext\vector_platform_device_emf_win.h">
      <Filter>ext</Filter>
    </ClInclude>
    <ClInclude Include="ext\bitmap_platform_device.h">
      <Filter>ext</Filter>
    </ClInclude>
    <ClInclude Include="ext\lazy_pixel_ref_utils.h">
      <Filter>ext</Filter>
    </ClInclude>
    <ClCompile Include="ext\platform_canvas.cc">
      <Filter>ext</Filter>
    </ClCompile>
    <ClCompile Include="ext\vector_canvas.cc">
      <Filter>ext</Filter>
    </ClCompile>
    <ClCompile Include="ext\recursive_gaussian_convolution.cc">
      <Filter>ext</Filter>
    </ClCompile>
    <ClInclude Include="ext\analysis_canvas.h">
      <Filter>ext</Filter>
    </ClInclude>
    <ClCompile Include="ext\vector_platform_device_emf_win.cc">
      <Filter>ext</Filter>
    </ClCompile>
    <ClCompile Include="ext\lazy_pixel_ref_utils.cc">
      <Filter>ext</Filter>
    </ClCompile>
    <ClCompile Include="ext\SkMemory_new_handler.cpp">
      <Filter>ext</Filter>
    </ClCompile>
    <ClCompile Include="ext\google_logging.cc">
      <Filter>ext</Filter>
    </ClCompile>
    <ClInclude Include="ext\skia_utils_mac.h">
      <Filter>ext</Filter>
    </ClInclude>
    <ClInclude Include="ext\platform_canvas.h">
      <Filter>ext</Filter>
    </ClInclude>
    <ClInclude Include="ext\skia_utils_ios.h">
      <Filter>ext</Filter>
    </ClInclude>
    <ClInclude Include="ext\SkDiscardableMemory_chrome.h">
      <Filter>ext</Filter>
    </ClInclude>
    <ClCompile Include="ext\SkDiscardableMemory_chrome.cc">
      <Filter>ext</Filter>
    </ClCompile>
    <ClCompile Include="ext\benchmarking_canvas.cc">
      <Filter>ext</Filter>
    </ClCompile>
    <ClInclude Include="ext\image_operations.h">
      <Filter>ext</Filter>
    </ClInclude>
    <ClCompile Include="ext\platform_device_linux.cc">
      <Filter>ext\_excluded_files</Filter>
    </ClCompile>
    <ClCompile Include="ext\bitmap_platform_device_android.cc">
      <Filter>ext\_excluded_files</Filter>
    </ClCompile>
    <ClCompile Include="ext\platform_device_mac.cc">
      <Filter>ext\_excluded_files</Filter>
    </ClCompile>
    <None Include="ext\skia_utils_ios.mm">
      <Filter>ext\_excluded_files</Filter>
    </None>
    <ClCompile Include="ext\SkThread_chrome.cc">
      <Filter>ext\_excluded_files</Filter>
    </ClCompile>
    <ClCompile Include="ext\bitmap_platform_device_mac.cc">
      <Filter>ext\_excluded_files</Filter>
    </ClCompile>
    <ClCompile Include="ext\bitmap_platform_device_linux.cc">
      <Filter>ext\_excluded_files</Filter>
    </ClCompile>
    <None Include="ext\skia_utils_mac.mm">
      <Filter>ext\_excluded_files</Filter>
    </None>
  </ItemGroup>
</Project>
