Microsoft Visual Studio Solution File, Format Version 11.00
# Visual Studio 2010
Project("{2150E333-8FDC-42A3-9474-1A3956D46DE8}") = "(allocator)", "..\base\allocator", "{6478B9F3-4858-63F4-35F4-98A303E305F3}"
EndProject
Project("{2150E333-8FDC-42A3-9474-1A3956D46DE8}") = "(base)", "..\base", "{9785FB75-982A-5DE3-252D-3F288B9FEF5B}"
EndProject
Project("{2150E333-8FDC-42A3-9474-1A3956D46DE8}") = "(skia)", ".", "{5B17195B-58DF-4533-4FE7-D2747913694E}"
EndProject
Project("{2150E333-8FDC-42A3-9474-1A3956D46DE8}") = "(testing)", "..\testing", "{EAC80D00-01D2-3F49-A377-20B7154947F3}"
EndProject
Project("{2150E333-8FDC-42A3-9474-1A3956D46DE8}") = "(third_party)", "..\base\third_party", "{3E7FA5AF-27B3-2DE0-883C-12F98E7F4E81}"
EndProject
Project("{2150E333-8FDC-42A3-9474-1A3956D46DE8}") = "(third_party)", "..\third_party", "{89C816A7-DD31-D54C-C69C-5A80E0C49B77}"
EndProject
Project("{8BC9CEB8-8B4A-11D0-8D11-00A0C91BC942}") = "allocator_extension_thunks", "..\base\allocator\allocator_extension_thunks.vcxproj", "{BC48C056-ACC9-02E7-13E4-ADC442DE6C2A}"
EndProject
Project("{8BC9CEB8-8B4A-11D0-8D11-00A0C91BC942}") = "base", "..\base\base.vcxproj", "{730E5CF2-D96D-CB16-9476-5B3AB5872EAB}"
	ProjectSection(ProjectDependencies) = postProject
		{8B8D9113-8938-DA49-3035-D94C6741E6F2} = {8B8D9113-8938-DA49-3035-D94C6741E6F2}
	EndProjectSection
EndProject
Project("{8BC9CEB8-8B4A-11D0-8D11-00A0C91BC942}") = "base_static", "..\base\base_static.vcxproj", "{389A9186-B2B0-A7FC-9DAD-3A48BF240951}"
EndProject
Project("{8BC9CEB8-8B4A-11D0-8D11-00A0C91BC942}") = "dynamic_annotations", "..\base\third_party\dynamic_annotations\dynamic_annotations.vcxproj", "{469A6C22-96F3-1A5D-988D-343E7ED10A15}"
EndProject
Project("{8BC9CEB8-8B4A-11D0-8D11-00A0C91BC942}") = "gtest_prod", "..\testing\gtest_prod.vcxproj", "{8B8D9113-8938-DA49-3035-D94C6741E6F2}"
EndProject
Project("{8BC9CEB8-8B4A-11D0-8D11-00A0C91BC942}") = "image_operations_bench", "image_operations_bench.vcxproj", "{73D82BC9-D8CF-7AA0-90E7-DDC0127B56ED}"
	ProjectSection(ProjectDependencies) = postProject
		{730E5CF2-D96D-CB16-9476-5B3AB5872EAB} = {730E5CF2-D96D-CB16-9476-5B3AB5872EAB}
		{11D36676-2033-EDF7-A3ED-599737B0463C} = {11D36676-2033-EDF7-A3ED-599737B0463C}
		{389A9186-B2B0-A7FC-9DAD-3A48BF240951} = {389A9186-B2B0-A7FC-9DAD-3A48BF240951}
		{BC48C056-ACC9-02E7-13E4-ADC442DE6C2A} = {BC48C056-ACC9-02E7-13E4-ADC442DE6C2A}
		{8B8D9113-8938-DA49-3035-D94C6741E6F2} = {8B8D9113-8938-DA49-3035-D94C6741E6F2}
		{B8BBB78C-1F1A-0E78-3C67-68A5109D3DE6} = {B8BBB78C-1F1A-0E78-3C67-68A5109D3DE6}
		{469A6C22-96F3-1A5D-988D-343E7ED10A15} = {469A6C22-96F3-1A5D-988D-343E7ED10A15}
		{75C6FC89-0C6B-4F4B-24D2-818B6E696A55} = {75C6FC89-0C6B-4F4B-24D2-818B6E696A55}
		{85317D8E-D35C-2700-7B74-DFFFDDE9366D} = {85317D8E-D35C-2700-7B74-DFFFDDE9366D}
		{CBBD6146-FBBC-3385-0F71-D8A6D7ABC69E} = {CBBD6146-FBBC-3385-0F71-D8A6D7ABC69E}
		{4DEEB4A0-BCEC-CCD0-EBA7-7F36D9071016} = {4DEEB4A0-BCEC-CCD0-EBA7-7F36D9071016}
		{9F056EE3-EC9D-8BBE-F2CE-F57BB16D6776} = {9F056EE3-EC9D-8BBE-F2CE-F57BB16D6776}
		{1BB3DFBC-6CA4-F48C-0FD9-489F78CCEE9C} = {1BB3DFBC-6CA4-F48C-0FD9-489F78CCEE9C}
	EndProjectSection
EndProject
Project("{8BC9CEB8-8B4A-11D0-8D11-00A0C91BC942}") = "modp_b64", "..\third_party\modp_b64\modp_b64.vcxproj", "{B8BBB78C-1F1A-0E78-3C67-68A5109D3DE6}"
EndProject
Project("{8BC9CEB8-8B4A-11D0-8D11-00A0C91BC942}") = "skia", "skia.vcxproj", "{11D36676-2033-EDF7-A3ED-599737B0463C}"
	ProjectSection(ProjectDependencies) = postProject
		{75C6FC89-0C6B-4F4B-24D2-818B6E696A55} = {75C6FC89-0C6B-4F4B-24D2-818B6E696A55}
		{9F056EE3-EC9D-8BBE-F2CE-F57BB16D6776} = {9F056EE3-EC9D-8BBE-F2CE-F57BB16D6776}
	EndProjectSection
EndProject
Project("{8BC9CEB8-8B4A-11D0-8D11-00A0C91BC942}") = "skia_chrome", "skia_chrome.vcxproj", "{9F056EE3-EC9D-8BBE-F2CE-F57BB16D6776}"
EndProject
Project("{8BC9CEB8-8B4A-11D0-8D11-00A0C91BC942}") = "skia_chrome_opts", "skia_chrome_opts.vcxproj", "{1BB3DFBC-6CA4-F48C-0FD9-489F78CCEE9C}"
EndProject
Project("{8BC9CEB8-8B4A-11D0-8D11-00A0C91BC942}") = "skia_library", "skia_library.vcxproj", "{75C6FC89-0C6B-4F4B-24D2-818B6E696A55}"
EndProject
Project("{8BC9CEB8-8B4A-11D0-8D11-00A0C91BC942}") = "skia_opts", "skia_opts.vcxproj", "{85317D8E-D35C-2700-7B74-DFFFDDE9366D}"
EndProject
Project("{8BC9CEB8-8B4A-11D0-8D11-00A0C91BC942}") = "skia_opts_ssse3", "skia_opts_ssse3.vcxproj", "{CBBD6146-FBBC-3385-0F71-D8A6D7ABC69E}"
EndProject
Project("{8BC9CEB8-8B4A-11D0-8D11-00A0C91BC942}") = "zlib", "..\third_party\zlib\zlib.vcxproj", "{4DEEB4A0-BCEC-CCD0-EBA7-7F36D9071016}"
EndProject
Global
	GlobalSection(SolutionConfigurationPlatforms) = preSolution
		Release|x64 = Release|x64
		Debug|Win32 = Debug|Win32
		Debug|x64 = Debug|x64
		Release|Win32 = Release|Win32
	EndGlobalSection
	GlobalSection(ProjectConfigurationPlatforms) = postSolution
		{11D36676-2033-EDF7-A3ED-599737B0463C}.Release|x64.ActiveCfg = Release|x64
		{11D36676-2033-EDF7-A3ED-599737B0463C}.Release|x64.Build.0 = Release|x64
		{11D36676-2033-EDF7-A3ED-599737B0463C}.Debug|Win32.ActiveCfg = Debug|Win32
		{11D36676-2033-EDF7-A3ED-599737B0463C}.Debug|Win32.Build.0 = Debug|Win32
		{11D36676-2033-EDF7-A3ED-599737B0463C}.Debug|x64.ActiveCfg = Debug|x64
		{11D36676-2033-EDF7-A3ED-599737B0463C}.Debug|x64.Build.0 = Debug|x64
		{11D36676-2033-EDF7-A3ED-599737B0463C}.Release|Win32.ActiveCfg = Release|Win32
		{11D36676-2033-EDF7-A3ED-599737B0463C}.Release|Win32.Build.0 = Release|Win32
		{1BB3DFBC-6CA4-F48C-0FD9-489F78CCEE9C}.Release|x64.ActiveCfg = Release|x64
		{1BB3DFBC-6CA4-F48C-0FD9-489F78CCEE9C}.Release|x64.Build.0 = Release|x64
		{1BB3DFBC-6CA4-F48C-0FD9-489F78CCEE9C}.Debug|Win32.ActiveCfg = Debug|Win32
		{1BB3DFBC-6CA4-F48C-0FD9-489F78CCEE9C}.Debug|Win32.Build.0 = Debug|Win32
		{1BB3DFBC-6CA4-F48C-0FD9-489F78CCEE9C}.Debug|x64.ActiveCfg = Debug|x64
		{1BB3DFBC-6CA4-F48C-0FD9-489F78CCEE9C}.Debug|x64.Build.0 = Debug|x64
		{1BB3DFBC-6CA4-F48C-0FD9-489F78CCEE9C}.Release|Win32.ActiveCfg = Release|Win32
		{1BB3DFBC-6CA4-F48C-0FD9-489F78CCEE9C}.Release|Win32.Build.0 = Release|Win32
		{389A9186-B2B0-A7FC-9DAD-3A48BF240951}.Release|x64.ActiveCfg = Release|x64
		{389A9186-B2B0-A7FC-9DAD-3A48BF240951}.Release|x64.Build.0 = Release|x64
		{389A9186-B2B0-A7FC-9DAD-3A48BF240951}.Debug|Win32.ActiveCfg = Debug|Win32
		{389A9186-B2B0-A7FC-9DAD-3A48BF240951}.Debug|Win32.Build.0 = Debug|Win32
		{389A9186-B2B0-A7FC-9DAD-3A48BF240951}.Debug|x64.ActiveCfg = Debug|x64
		{389A9186-B2B0-A7FC-9DAD-3A48BF240951}.Debug|x64.Build.0 = Debug|x64
		{389A9186-B2B0-A7FC-9DAD-3A48BF240951}.Release|Win32.ActiveCfg = Release|Win32
		{389A9186-B2B0-A7FC-9DAD-3A48BF240951}.Release|Win32.Build.0 = Release|Win32
		{469A6C22-96F3-1A5D-988D-343E7ED10A15}.Release|x64.ActiveCfg = Release|x64
		{469A6C22-96F3-1A5D-988D-343E7ED10A15}.Release|x64.Build.0 = Release|x64
		{469A6C22-96F3-1A5D-988D-343E7ED10A15}.Debug|Win32.ActiveCfg = Debug|Win32
		{469A6C22-96F3-1A5D-988D-343E7ED10A15}.Debug|Win32.Build.0 = Debug|Win32
		{469A6C22-96F3-1A5D-988D-343E7ED10A15}.Debug|x64.ActiveCfg = Debug|x64
		{469A6C22-96F3-1A5D-988D-343E7ED10A15}.Debug|x64.Build.0 = Debug|x64
		{469A6C22-96F3-1A5D-988D-343E7ED10A15}.Release|Win32.ActiveCfg = Release|Win32
		{469A6C22-96F3-1A5D-988D-343E7ED10A15}.Release|Win32.Build.0 = Release|Win32
		{4DEEB4A0-BCEC-CCD0-EBA7-7F36D9071016}.Release|x64.ActiveCfg = Release|x64
		{4DEEB4A0-BCEC-CCD0-EBA7-7F36D9071016}.Release|x64.Build.0 = Release|x64
		{4DEEB4A0-BCEC-CCD0-EBA7-7F36D9071016}.Debug|Win32.ActiveCfg = Debug|Win32
		{4DEEB4A0-BCEC-CCD0-EBA7-7F36D9071016}.Debug|Win32.Build.0 = Debug|Win32
		{4DEEB4A0-BCEC-CCD0-EBA7-7F36D9071016}.Debug|x64.ActiveCfg = Debug|x64
		{4DEEB4A0-BCEC-CCD0-EBA7-7F36D9071016}.Debug|x64.Build.0 = Debug|x64
		{4DEEB4A0-BCEC-CCD0-EBA7-7F36D9071016}.Release|Win32.ActiveCfg = Release|Win32
		{4DEEB4A0-BCEC-CCD0-EBA7-7F36D9071016}.Release|Win32.Build.0 = Release|Win32
		{730E5CF2-D96D-CB16-9476-5B3AB5872EAB}.Release|x64.ActiveCfg = Release|x64
		{730E5CF2-D96D-CB16-9476-5B3AB5872EAB}.Release|x64.Build.0 = Release|x64
		{730E5CF2-D96D-CB16-9476-5B3AB5872EAB}.Debug|Win32.ActiveCfg = Debug|Win32
		{730E5CF2-D96D-CB16-9476-5B3AB5872EAB}.Debug|Win32.Build.0 = Debug|Win32
		{730E5CF2-D96D-CB16-9476-5B3AB5872EAB}.Debug|x64.ActiveCfg = Debug|x64
		{730E5CF2-D96D-CB16-9476-5B3AB5872EAB}.Debug|x64.Build.0 = Debug|x64
		{730E5CF2-D96D-CB16-9476-5B3AB5872EAB}.Release|Win32.ActiveCfg = Release|Win32
		{730E5CF2-D96D-CB16-9476-5B3AB5872EAB}.Release|Win32.Build.0 = Release|Win32
		{73D82BC9-D8CF-7AA0-90E7-DDC0127B56ED}.Release|x64.ActiveCfg = Release|x64
		{73D82BC9-D8CF-7AA0-90E7-DDC0127B56ED}.Release|x64.Build.0 = Release|x64
		{73D82BC9-D8CF-7AA0-90E7-DDC0127B56ED}.Debug|Win32.ActiveCfg = Debug|Win32
		{73D82BC9-D8CF-7AA0-90E7-DDC0127B56ED}.Debug|Win32.Build.0 = Debug|Win32
		{73D82BC9-D8CF-7AA0-90E7-DDC0127B56ED}.Debug|x64.ActiveCfg = Debug|x64
		{73D82BC9-D8CF-7AA0-90E7-DDC0127B56ED}.Debug|x64.Build.0 = Debug|x64
		{73D82BC9-D8CF-7AA0-90E7-DDC0127B56ED}.Release|Win32.ActiveCfg = Release|Win32
		{73D82BC9-D8CF-7AA0-90E7-DDC0127B56ED}.Release|Win32.Build.0 = Release|Win32
		{75C6FC89-0C6B-4F4B-24D2-818B6E696A55}.Release|x64.ActiveCfg = Release|x64
		{75C6FC89-0C6B-4F4B-24D2-818B6E696A55}.Release|x64.Build.0 = Release|x64
		{75C6FC89-0C6B-4F4B-24D2-818B6E696A55}.Debug|Win32.ActiveCfg = Debug|Win32
		{75C6FC89-0C6B-4F4B-24D2-818B6E696A55}.Debug|Win32.Build.0 = Debug|Win32
		{75C6FC89-0C6B-4F4B-24D2-818B6E696A55}.Debug|x64.ActiveCfg = Debug|x64
		{75C6FC89-0C6B-4F4B-24D2-818B6E696A55}.Debug|x64.Build.0 = Debug|x64
		{75C6FC89-0C6B-4F4B-24D2-818B6E696A55}.Release|Win32.ActiveCfg = Release|Win32
		{75C6FC89-0C6B-4F4B-24D2-818B6E696A55}.Release|Win32.Build.0 = Release|Win32
		{85317D8E-D35C-2700-7B74-DFFFDDE9366D}.Release|x64.ActiveCfg = Release|x64
		{85317D8E-D35C-2700-7B74-DFFFDDE9366D}.Release|x64.Build.0 = Release|x64
		{85317D8E-D35C-2700-7B74-DFFFDDE9366D}.Debug|Win32.ActiveCfg = Debug|Win32
		{85317D8E-D35C-2700-7B74-DFFFDDE9366D}.Debug|Win32.Build.0 = Debug|Win32
		{85317D8E-D35C-2700-7B74-DFFFDDE9366D}.Debug|x64.ActiveCfg = Debug|x64
		{85317D8E-D35C-2700-7B74-DFFFDDE9366D}.Debug|x64.Build.0 = Debug|x64
		{85317D8E-D35C-2700-7B74-DFFFDDE9366D}.Release|Win32.ActiveCfg = Release|Win32
		{85317D8E-D35C-2700-7B74-DFFFDDE9366D}.Release|Win32.Build.0 = Release|Win32
		{8B8D9113-8938-DA49-3035-D94C6741E6F2}.Release|x64.ActiveCfg = Release|x64
		{8B8D9113-8938-DA49-3035-D94C6741E6F2}.Release|x64.Build.0 = Release|x64
		{8B8D9113-8938-DA49-3035-D94C6741E6F2}.Debug|Win32.ActiveCfg = Debug|Win32
		{8B8D9113-8938-DA49-3035-D94C6741E6F2}.Debug|Win32.Build.0 = Debug|Win32
		{8B8D9113-8938-DA49-3035-D94C6741E6F2}.Debug|x64.ActiveCfg = Debug|x64
		{8B8D9113-8938-DA49-3035-D94C6741E6F2}.Debug|x64.Build.0 = Debug|x64
		{8B8D9113-8938-DA49-3035-D94C6741E6F2}.Release|Win32.ActiveCfg = Release|Win32
		{8B8D9113-8938-DA49-3035-D94C6741E6F2}.Release|Win32.Build.0 = Release|Win32
		{9F056EE3-EC9D-8BBE-F2CE-F57BB16D6776}.Release|x64.ActiveCfg = Release|x64
		{9F056EE3-EC9D-8BBE-F2CE-F57BB16D6776}.Release|x64.Build.0 = Release|x64
		{9F056EE3-EC9D-8BBE-F2CE-F57BB16D6776}.Debug|Win32.ActiveCfg = Debug|Win32
		{9F056EE3-EC9D-8BBE-F2CE-F57BB16D6776}.Debug|Win32.Build.0 = Debug|Win32
		{9F056EE3-EC9D-8BBE-F2CE-F57BB16D6776}.Debug|x64.ActiveCfg = Debug|x64
		{9F056EE3-EC9D-8BBE-F2CE-F57BB16D6776}.Debug|x64.Build.0 = Debug|x64
		{9F056EE3-EC9D-8BBE-F2CE-F57BB16D6776}.Release|Win32.ActiveCfg = Release|Win32
		{9F056EE3-EC9D-8BBE-F2CE-F57BB16D6776}.Release|Win32.Build.0 = Release|Win32
		{B8BBB78C-1F1A-0E78-3C67-68A5109D3DE6}.Release|x64.ActiveCfg = Release|x64
		{B8BBB78C-1F1A-0E78-3C67-68A5109D3DE6}.Release|x64.Build.0 = Release|x64
		{B8BBB78C-1F1A-0E78-3C67-68A5109D3DE6}.Debug|Win32.ActiveCfg = Debug|Win32
		{B8BBB78C-1F1A-0E78-3C67-68A5109D3DE6}.Debug|Win32.Build.0 = Debug|Win32
		{B8BBB78C-1F1A-0E78-3C67-68A5109D3DE6}.Debug|x64.ActiveCfg = Debug|x64
		{B8BBB78C-1F1A-0E78-3C67-68A5109D3DE6}.Debug|x64.Build.0 = Debug|x64
		{B8BBB78C-1F1A-0E78-3C67-68A5109D3DE6}.Release|Win32.ActiveCfg = Release|Win32
		{B8BBB78C-1F1A-0E78-3C67-68A5109D3DE6}.Release|Win32.Build.0 = Release|Win32
		{BC48C056-ACC9-02E7-13E4-ADC442DE6C2A}.Release|x64.ActiveCfg = Release|x64
		{BC48C056-ACC9-02E7-13E4-ADC442DE6C2A}.Release|x64.Build.0 = Release|x64
		{BC48C056-ACC9-02E7-13E4-ADC442DE6C2A}.Debug|Win32.ActiveCfg = Debug|Win32
		{BC48C056-ACC9-02E7-13E4-ADC442DE6C2A}.Debug|Win32.Build.0 = Debug|Win32
		{BC48C056-ACC9-02E7-13E4-ADC442DE6C2A}.Debug|x64.ActiveCfg = Debug|x64
		{BC48C056-ACC9-02E7-13E4-ADC442DE6C2A}.Debug|x64.Build.0 = Debug|x64
		{BC48C056-ACC9-02E7-13E4-ADC442DE6C2A}.Release|Win32.ActiveCfg = Release|Win32
		{BC48C056-ACC9-02E7-13E4-ADC442DE6C2A}.Release|Win32.Build.0 = Release|Win32
		{CBBD6146-FBBC-3385-0F71-D8A6D7ABC69E}.Release|x64.ActiveCfg = Release|x64
		{CBBD6146-FBBC-3385-0F71-D8A6D7ABC69E}.Release|x64.Build.0 = Release|x64
		{CBBD6146-FBBC-3385-0F71-D8A6D7ABC69E}.Debug|Win32.ActiveCfg = Debug|Win32
		{CBBD6146-FBBC-3385-0F71-D8A6D7ABC69E}.Debug|Win32.Build.0 = Debug|Win32
		{CBBD6146-FBBC-3385-0F71-D8A6D7ABC69E}.Debug|x64.ActiveCfg = Debug|x64
		{CBBD6146-FBBC-3385-0F71-D8A6D7ABC69E}.Debug|x64.Build.0 = Debug|x64
		{CBBD6146-FBBC-3385-0F71-D8A6D7ABC69E}.Release|Win32.ActiveCfg = Release|Win32
		{CBBD6146-FBBC-3385-0F71-D8A6D7ABC69E}.Release|Win32.Build.0 = Release|Win32
	EndGlobalSection
	GlobalSection(SolutionProperties) = preSolution
		HideSolutionNode = FALSE
	EndGlobalSection
	GlobalSection(NestedProjects) = preSolution
		{BC48C056-ACC9-02E7-13E4-ADC442DE6C2A} = {6478B9F3-4858-63F4-35F4-98A303E305F3}
		{6478B9F3-4858-63F4-35F4-98A303E305F3} = {9785FB75-982A-5DE3-252D-3F288B9FEF5B}
		{3E7FA5AF-27B3-2DE0-883C-12F98E7F4E81} = {9785FB75-982A-5DE3-252D-3F288B9FEF5B}
		{730E5CF2-D96D-CB16-9476-5B3AB5872EAB} = {9785FB75-982A-5DE3-252D-3F288B9FEF5B}
		{389A9186-B2B0-A7FC-9DAD-3A48BF240951} = {9785FB75-982A-5DE3-252D-3F288B9FEF5B}
		{73D82BC9-D8CF-7AA0-90E7-DDC0127B56ED} = {5B17195B-58DF-4533-4FE7-D2747913694E}
		{11D36676-2033-EDF7-A3ED-599737B0463C} = {5B17195B-58DF-4533-4FE7-D2747913694E}
		{9F056EE3-EC9D-8BBE-F2CE-F57BB16D6776} = {5B17195B-58DF-4533-4FE7-D2747913694E}
		{1BB3DFBC-6CA4-F48C-0FD9-489F78CCEE9C} = {5B17195B-58DF-4533-4FE7-D2747913694E}
		{75C6FC89-0C6B-4F4B-24D2-818B6E696A55} = {5B17195B-58DF-4533-4FE7-D2747913694E}
		{85317D8E-D35C-2700-7B74-DFFFDDE9366D} = {5B17195B-58DF-4533-4FE7-D2747913694E}
		{CBBD6146-FBBC-3385-0F71-D8A6D7ABC69E} = {5B17195B-58DF-4533-4FE7-D2747913694E}
		{8B8D9113-8938-DA49-3035-D94C6741E6F2} = {EAC80D00-01D2-3F49-A377-20B7154947F3}
		{469A6C22-96F3-1A5D-988D-343E7ED10A15} = {3E7FA5AF-27B3-2DE0-883C-12F98E7F4E81}
		{B8BBB78C-1F1A-0E78-3C67-68A5109D3DE6} = {89C816A7-DD31-D54C-C69C-5A80E0C49B77}
		{4DEEB4A0-BCEC-CCD0-EBA7-7F36D9071016} = {89C816A7-DD31-D54C-C69C-5A80E0C49B77}
	EndGlobalSection
EndGlobal
