Microsoft Visual Studio Solution File, Format Version 11.00
# Visual Studio 2010
Project("{8BC9CEB8-8B4A-11D0-8D11-00A0C91BC942}") = "gmock", "gmock.vcxproj", "{93EBD47C-822F-6A31-F7C1-168E652CAF69}"
EndProject
Project("{8BC9CEB8-8B4A-11D0-8D11-00A0C91BC942}") = "gmock_main", "gmock_main.vcxproj", "{32BC00BF-2F96-A8FF-8BB9-35EF86029264}"
EndProject
Project("{8BC9CEB8-8B4A-11D0-8D11-00A0C91BC942}") = "gtest", "gtest.vcxproj", "{7FE859D3-D869-22C1-9F2B-4127F844B4F2}"
	ProjectSection(ProjectDependencies) = postProject
		{8B8D9113-8938-DA49-3035-D94C6741E6F2} = {8B8D9113-8938-DA49-3035-D94C6741E6F2}
	EndProjectSection
EndProject
Project("{8BC9CEB8-8B4A-11D0-8D11-00A0C91BC942}") = "gtest_prod", "gtest_prod.vcxproj", "{8B8D9113-8938-DA49-3035-D94C6741E6F2}"
EndProject
Global
	GlobalSection(SolutionConfigurationPlatforms) = preSolution
		Release|x64 = Release|x64
		Debug|Win32 = Debug|Win32
		Debug|x64 = Debug|x64
		Release|Win32 = Release|Win32
	EndGlobalSection
	GlobalSection(ProjectConfigurationPlatforms) = postSolution
		{32BC00BF-2F96-A8FF-8BB9-35EF86029264}.Release|x64.ActiveCfg = Release|x64
		{32BC00BF-2F96-A8FF-8BB9-35EF86029264}.Release|x64.Build.0 = Release|x64
		{32BC00BF-2F96-A8FF-8BB9-35EF86029264}.Debug|Win32.ActiveCfg = Debug|Win32
		{32BC00BF-2F96-A8FF-8BB9-35EF86029264}.Debug|Win32.Build.0 = Debug|Win32
		{32BC00BF-2F96-A8FF-8BB9-35EF86029264}.Debug|x64.ActiveCfg = Debug|x64
		{32BC00BF-2F96-A8FF-8BB9-35EF86029264}.Debug|x64.Build.0 = Debug|x64
		{32BC00BF-2F96-A8FF-8BB9-35EF86029264}.Release|Win32.ActiveCfg = Release|Win32
		{32BC00BF-2F96-A8FF-8BB9-35EF86029264}.Release|Win32.Build.0 = Release|Win32
		{7FE859D3-D869-22C1-9F2B-4127F844B4F2}.Release|x64.ActiveCfg = Release|x64
		{7FE859D3-D869-22C1-9F2B-4127F844B4F2}.Release|x64.Build.0 = Release|x64
		{7FE859D3-D869-22C1-9F2B-4127F844B4F2}.Debug|Win32.ActiveCfg = Debug|Win32
		{7FE859D3-D869-22C1-9F2B-4127F844B4F2}.Debug|Win32.Build.0 = Debug|Win32
		{7FE859D3-D869-22C1-9F2B-4127F844B4F2}.Debug|x64.ActiveCfg = Debug|x64
		{7FE859D3-D869-22C1-9F2B-4127F844B4F2}.Debug|x64.Build.0 = Debug|x64
		{7FE859D3-D869-22C1-9F2B-4127F844B4F2}.Release|Win32.ActiveCfg = Release|Win32
		{7FE859D3-D869-22C1-9F2B-4127F844B4F2}.Release|Win32.Build.0 = Release|Win32
		{8B8D9113-8938-DA49-3035-D94C6741E6F2}.Release|x64.ActiveCfg = Release|x64
		{8B8D9113-8938-DA49-3035-D94C6741E6F2}.Release|x64.Build.0 = Release|x64
		{8B8D9113-8938-DA49-3035-D94C6741E6F2}.Debug|Win32.ActiveCfg = Debug|Win32
		{8B8D9113-8938-DA49-3035-D94C6741E6F2}.Debug|Win32.Build.0 = Debug|Win32
		{8B8D9113-8938-DA49-3035-D94C6741E6F2}.Debug|x64.ActiveCfg = Debug|x64
		{8B8D9113-8938-DA49-3035-D94C6741E6F2}.Debug|x64.Build.0 = Debug|x64
		{8B8D9113-8938-DA49-3035-D94C6741E6F2}.Release|Win32.ActiveCfg = Release|Win32
		{8B8D9113-8938-DA49-3035-D94C6741E6F2}.Release|Win32.Build.0 = Release|Win32
		{93EBD47C-822F-6A31-F7C1-168E652CAF69}.Release|x64.ActiveCfg = Release|x64
		{93EBD47C-822F-6A31-F7C1-168E652CAF69}.Release|x64.Build.0 = Release|x64
		{93EBD47C-822F-6A31-F7C1-168E652CAF69}.Debug|Win32.ActiveCfg = Debug|Win32
		{93EBD47C-822F-6A31-F7C1-168E652CAF69}.Debug|Win32.Build.0 = Debug|Win32
		{93EBD47C-822F-6A31-F7C1-168E652CAF69}.Debug|x64.ActiveCfg = Debug|x64
		{93EBD47C-822F-6A31-F7C1-168E652CAF69}.Debug|x64.Build.0 = Debug|x64
		{93EBD47C-822F-6A31-F7C1-168E652CAF69}.Release|Win32.ActiveCfg = Release|Win32
		{93EBD47C-822F-6A31-F7C1-168E652CAF69}.Release|Win32.Build.0 = Release|Win32
	EndGlobalSection
	GlobalSection(SolutionProperties) = preSolution
		HideSolutionNode = FALSE
	EndGlobalSection
	GlobalSection(NestedProjects) = preSolution
	EndGlobalSection
EndGlobal
