<?xml version="1.0" encoding="utf-8"?>
<Project ToolsVersion="4.0" xmlns="http://schemas.microsoft.com/developer/msbuild/2003">
  <ItemGroup>
    <Filter Include="sqstdlib">
      <UniqueIdentifier>{B53E4C3F-8528-AF0C-9E91-8E13843DE83A}</UniqueIdentifier>
    </Filter>
  </ItemGroup>
  <ItemGroup>
    <None Include="squirrel.gyp"/>
    <ClCompile Include="sqstdlib\sqstdblob.cpp">
      <Filter>sqstdlib</Filter>
    </ClCompile>
    <ClCompile Include="sqstdlib\sqstdstring.cpp">
      <Filter>sqstdlib</Filter>
    </ClCompile>
    <ClCompile Include="sqstdlib\sqstdaux.cpp">
      <Filter>sqstdlib</Filter>
    </ClCompile>
    <ClCompile Include="sqstdlib\sqstdsystem.cpp">
      <Filter>sqstdlib</Filter>
    </ClCompile>
    <ClCompile Include="sqstdlib\sqstdmath.cpp">
      <Filter>sqstdlib</Filter>
    </ClCompile>
    <ClCompile Include="sqstdlib\sqstdio.cpp">
      <Filter>sqstdlib</Filter>
    </ClCompile>
    <ClCompile Include="sqstdlib\sqstdrex.cpp">
      <Filter>sqstdlib</Filter>
    </ClCompile>
    <ClCompile Include="sqstdlib\sqstdstream.cpp">
      <Filter>sqstdlib</Filter>
    </ClCompile>
  </ItemGroup>
</Project>
