Microsoft Visual Studio Solution File, Format Version 11.00
# Visual Studio 2010
Project("{8BC9CEB8-8B4A-11D0-8D11-00A0C91BC942}") = "sqshell", "sqshell.vcxproj", "{D04CA7EE-2ACD-EDB2-6317-8E0A53B8BED7}"
	ProjectSection(ProjectDependencies) = postProject
		{6DC24D14-8971-7EBE-8174-B23E5E879E8C} = {6DC24D14-8971-7EBE-8174-B23E5E879E8C}
		{5A08DE2B-E308-1BBB-F8B6-576FE2145FDC} = {5A08DE2B-E308-1BBB-F8B6-576FE2145FDC}
	EndProjectSection
EndProject
Project("{8BC9CEB8-8B4A-11D0-8D11-00A0C91BC942}") = "sqstdlib", "sqstdlib.vcxproj", "{5A08DE2B-E308-1BBB-F8B6-576FE2145FDC}"
EndProject
Project("{8BC9CEB8-8B4A-11D0-8D11-00A0C91BC942}") = "squirrel", "squirrel.vcxproj", "{6DC24D14-8971-7EBE-8174-B23E5E879E8C}"
EndProject
Global
	GlobalSection(SolutionConfigurationPlatforms) = preSolution
		Release|x64 = Release|x64
		Debug|Win32 = Debug|Win32
		Debug|x64 = Debug|x64
		Release|Win32 = Release|Win32
	EndGlobalSection
	GlobalSection(ProjectConfigurationPlatforms) = postSolution
		{5A08DE2B-E308-1BBB-F8B6-576FE2145FDC}.Release|x64.ActiveCfg = Release|x64
		{5A08DE2B-E308-1BBB-F8B6-576FE2145FDC}.Release|x64.Build.0 = Release|x64
		{5A08DE2B-E308-1BBB-F8B6-576FE2145FDC}.Debug|Win32.ActiveCfg = Debug|Win32
		{5A08DE2B-E308-1BBB-F8B6-576FE2145FDC}.Debug|Win32.Build.0 = Debug|Win32
		{5A08DE2B-E308-1BBB-F8B6-576FE2145FDC}.Debug|x64.ActiveCfg = Debug|x64
		{5A08DE2B-E308-1BBB-F8B6-576FE2145FDC}.Debug|x64.Build.0 = Debug|x64
		{5A08DE2B-E308-1BBB-F8B6-576FE2145FDC}.Release|Win32.ActiveCfg = Release|Win32
		{5A08DE2B-E308-1BBB-F8B6-576FE2145FDC}.Release|Win32.Build.0 = Release|Win32
		{6DC24D14-8971-7EBE-8174-B23E5E879E8C}.Release|x64.ActiveCfg = Release|x64
		{6DC24D14-8971-7EBE-8174-B23E5E879E8C}.Release|x64.Build.0 = Release|x64
		{6DC24D14-8971-7EBE-8174-B23E5E879E8C}.Debug|Win32.ActiveCfg = Debug|Win32
		{6DC24D14-8971-7EBE-8174-B23E5E879E8C}.Debug|Win32.Build.0 = Debug|Win32
		{6DC24D14-8971-7EBE-8174-B23E5E879E8C}.Debug|x64.ActiveCfg = Debug|x64
		{6DC24D14-8971-7EBE-8174-B23E5E879E8C}.Debug|x64.Build.0 = Debug|x64
		{6DC24D14-8971-7EBE-8174-B23E5E879E8C}.Release|Win32.ActiveCfg = Release|Win32
		{6DC24D14-8971-7EBE-8174-B23E5E879E8C}.Release|Win32.Build.0 = Release|Win32
		{D04CA7EE-2ACD-EDB2-6317-8E0A53B8BED7}.Release|x64.ActiveCfg = Release|x64
		{D04CA7EE-2ACD-EDB2-6317-8E0A53B8BED7}.Release|x64.Build.0 = Release|x64
		{D04CA7EE-2ACD-EDB2-6317-8E0A53B8BED7}.Debug|Win32.ActiveCfg = Debug|Win32
		{D04CA7EE-2ACD-EDB2-6317-8E0A53B8BED7}.Debug|Win32.Build.0 = Debug|Win32
		{D04CA7EE-2ACD-EDB2-6317-8E0A53B8BED7}.Debug|x64.ActiveCfg = Debug|x64
		{D04CA7EE-2ACD-EDB2-6317-8E0A53B8BED7}.Debug|x64.Build.0 = Debug|x64
		{D04CA7EE-2ACD-EDB2-6317-8E0A53B8BED7}.Release|Win32.ActiveCfg = Release|Win32
		{D04CA7EE-2ACD-EDB2-6317-8E0A53B8BED7}.Release|Win32.Build.0 = Release|Win32
	EndGlobalSection
	GlobalSection(SolutionProperties) = preSolution
		HideSolutionNode = FALSE
	EndGlobalSection
	GlobalSection(NestedProjects) = preSolution
	EndGlobalSection
EndGlobal
