Microsoft Visual Studio Solution File, Format Version 11.00
# Visual Studio 2010
Project("{2150E333-8FDC-42A3-9474-1A3956D46DE8}") = "(allocator)", ".", "{6478B9F3-4858-63F4-35F4-98A303E305F3}"
EndProject
Project("{2150E333-8FDC-42A3-9474-1A3956D46DE8}") = "(base)", "..", "{9785FB75-982A-5DE3-252D-3F288B9FEF5B}"
EndProject
Project("{2150E333-8FDC-42A3-9474-1A3956D46DE8}") = "(testing)", "..\..\testing", "{EAC80D00-01D2-3F49-A377-20B7154947F3}"
EndProject
Project("{2150E333-8FDC-42A3-9474-1A3956D46DE8}") = "(third_party)", "..\third_party", "{3E7FA5AF-27B3-2DE0-883C-12F98E7F4E81}"
EndProject
Project("{8BC9CEB8-8B4A-11D0-8D11-00A0C91BC942}") = "allocator", "allocator.vcxproj", "{9F09C28B-1550-C3E9-F9C3-1BB2F3C92ED9}"
	ProjectSection(ProjectDependencies) = postProject
		{E113A697-4616-920C-DF2B-56EBD88F942D} = {E113A697-4616-920C-DF2B-56EBD88F942D}
	EndProjectSection
EndProject
Project("{8BC9CEB8-8B4A-11D0-8D11-00A0C91BC942}") = "allocator_extension_thunks", "allocator_extension_thunks.vcxproj", "{BC48C056-ACC9-02E7-13E4-ADC442DE6C2A}"
EndProject
Project("{8BC9CEB8-8B4A-11D0-8D11-00A0C91BC942}") = "allocator_extension_thunks_win64", "allocator_extension_thunks_win64.vcxproj", "{EFD56120-BD86-7F1B-D80F-C39126E6D96D}"
EndProject
Project("{8BC9CEB8-8B4A-11D0-8D11-00A0C91BC942}") = "allocator_unittests", "allocator_unittests.vcxproj", "{280D0ABE-325D-5351-AA15-A92734065AD4}"
	ProjectSection(ProjectDependencies) = postProject
		{9F09C28B-1550-C3E9-F9C3-1BB2F3C92ED9} = {9F09C28B-1550-C3E9-F9C3-1BB2F3C92ED9}
		{BC48C056-ACC9-02E7-13E4-ADC442DE6C2A} = {BC48C056-ACC9-02E7-13E4-ADC442DE6C2A}
		{7FE859D3-D869-22C1-9F2B-4127F844B4F2} = {7FE859D3-D869-22C1-9F2B-4127F844B4F2}
		{469A6C22-96F3-1A5D-988D-343E7ED10A15} = {469A6C22-96F3-1A5D-988D-343E7ED10A15}
		{E113A697-4616-920C-DF2B-56EBD88F942D} = {E113A697-4616-920C-DF2B-56EBD88F942D}
		{8B8D9113-8938-DA49-3035-D94C6741E6F2} = {8B8D9113-8938-DA49-3035-D94C6741E6F2}
	EndProjectSection
EndProject
Project("{8BC9CEB8-8B4A-11D0-8D11-00A0C91BC942}") = "dynamic_annotations", "..\third_party\dynamic_annotations\dynamic_annotations.vcxproj", "{469A6C22-96F3-1A5D-988D-343E7ED10A15}"
EndProject
Project("{8BC9CEB8-8B4A-11D0-8D11-00A0C91BC942}") = "gtest", "..\..\testing\gtest.vcxproj", "{7FE859D3-D869-22C1-9F2B-4127F844B4F2}"
	ProjectSection(ProjectDependencies) = postProject
		{8B8D9113-8938-DA49-3035-D94C6741E6F2} = {8B8D9113-8938-DA49-3035-D94C6741E6F2}
	EndProjectSection
EndProject
Project("{8BC9CEB8-8B4A-11D0-8D11-00A0C91BC942}") = "gtest_prod", "..\..\testing\gtest_prod.vcxproj", "{8B8D9113-8938-DA49-3035-D94C6741E6F2}"
EndProject
Project("{8BC9CEB8-8B4A-11D0-8D11-00A0C91BC942}") = "libcmt", "libcmt.vcxproj", "{E113A697-4616-920C-DF2B-56EBD88F942D}"
EndProject
Project("{8BC9CEB8-8B4A-11D0-8D11-00A0C91BC942}") = "tcmalloc_unittest", "tcmalloc_unittest.vcxproj", "{408329E1-3F50-8088-A4DC-8ABD6A845F65}"
	ProjectSection(ProjectDependencies) = postProject
		{7FE859D3-D869-22C1-9F2B-4127F844B4F2} = {7FE859D3-D869-22C1-9F2B-4127F844B4F2}
		{9F09C28B-1550-C3E9-F9C3-1BB2F3C92ED9} = {9F09C28B-1550-C3E9-F9C3-1BB2F3C92ED9}
		{8B8D9113-8938-DA49-3035-D94C6741E6F2} = {8B8D9113-8938-DA49-3035-D94C6741E6F2}
		{469A6C22-96F3-1A5D-988D-343E7ED10A15} = {469A6C22-96F3-1A5D-988D-343E7ED10A15}
		{E113A697-4616-920C-DF2B-56EBD88F942D} = {E113A697-4616-920C-DF2B-56EBD88F942D}
	EndProjectSection
EndProject
Global
	GlobalSection(SolutionConfigurationPlatforms) = preSolution
		Release|x64 = Release|x64
		Debug|Win32 = Debug|Win32
		Debug|x64 = Debug|x64
		Release|Win32 = Release|Win32
	EndGlobalSection
	GlobalSection(ProjectConfigurationPlatforms) = postSolution
		{280D0ABE-325D-5351-AA15-A92734065AD4}.Release|x64.ActiveCfg = Release|x64
		{280D0ABE-325D-5351-AA15-A92734065AD4}.Release|x64.Build.0 = Release|x64
		{280D0ABE-325D-5351-AA15-A92734065AD4}.Debug|Win32.ActiveCfg = Debug|Win32
		{280D0ABE-325D-5351-AA15-A92734065AD4}.Debug|Win32.Build.0 = Debug|Win32
		{280D0ABE-325D-5351-AA15-A92734065AD4}.Debug|x64.ActiveCfg = Debug|x64
		{280D0ABE-325D-5351-AA15-A92734065AD4}.Debug|x64.Build.0 = Debug|x64
		{280D0ABE-325D-5351-AA15-A92734065AD4}.Release|Win32.ActiveCfg = Release|Win32
		{280D0ABE-325D-5351-AA15-A92734065AD4}.Release|Win32.Build.0 = Release|Win32
		{408329E1-3F50-8088-A4DC-8ABD6A845F65}.Release|x64.ActiveCfg = Release|x64
		{408329E1-3F50-8088-A4DC-8ABD6A845F65}.Release|x64.Build.0 = Release|x64
		{408329E1-3F50-8088-A4DC-8ABD6A845F65}.Debug|Win32.ActiveCfg = Debug|Win32
		{408329E1-3F50-8088-A4DC-8ABD6A845F65}.Debug|Win32.Build.0 = Debug|Win32
		{408329E1-3F50-8088-A4DC-8ABD6A845F65}.Debug|x64.ActiveCfg = Debug|x64
		{408329E1-3F50-8088-A4DC-8ABD6A845F65}.Debug|x64.Build.0 = Debug|x64
		{408329E1-3F50-8088-A4DC-8ABD6A845F65}.Release|Win32.ActiveCfg = Release|Win32
		{408329E1-3F50-8088-A4DC-8ABD6A845F65}.Release|Win32.Build.0 = Release|Win32
		{469A6C22-96F3-1A5D-988D-343E7ED10A15}.Release|x64.ActiveCfg = Release|x64
		{469A6C22-96F3-1A5D-988D-343E7ED10A15}.Release|x64.Build.0 = Release|x64
		{469A6C22-96F3-1A5D-988D-343E7ED10A15}.Debug|Win32.ActiveCfg = Debug|Win32
		{469A6C22-96F3-1A5D-988D-343E7ED10A15}.Debug|Win32.Build.0 = Debug|Win32
		{469A6C22-96F3-1A5D-988D-343E7ED10A15}.Debug|x64.ActiveCfg = Debug|x64
		{469A6C22-96F3-1A5D-988D-343E7ED10A15}.Debug|x64.Build.0 = Debug|x64
		{469A6C22-96F3-1A5D-988D-343E7ED10A15}.Release|Win32.ActiveCfg = Release|Win32
		{469A6C22-96F3-1A5D-988D-343E7ED10A15}.Release|Win32.Build.0 = Release|Win32
		{7FE859D3-D869-22C1-9F2B-4127F844B4F2}.Release|x64.ActiveCfg = Release|x64
		{7FE859D3-D869-22C1-9F2B-4127F844B4F2}.Release|x64.Build.0 = Release|x64
		{7FE859D3-D869-22C1-9F2B-4127F844B4F2}.Debug|Win32.ActiveCfg = Debug|Win32
		{7FE859D3-D869-22C1-9F2B-4127F844B4F2}.Debug|Win32.Build.0 = Debug|Win32
		{7FE859D3-D869-22C1-9F2B-4127F844B4F2}.Debug|x64.ActiveCfg = Debug|x64
		{7FE859D3-D869-22C1-9F2B-4127F844B4F2}.Debug|x64.Build.0 = Debug|x64
		{7FE859D3-D869-22C1-9F2B-4127F844B4F2}.Release|Win32.ActiveCfg = Release|Win32
		{7FE859D3-D869-22C1-9F2B-4127F844B4F2}.Release|Win32.Build.0 = Release|Win32
		{8B8D9113-8938-DA49-3035-D94C6741E6F2}.Release|x64.ActiveCfg = Release|x64
		{8B8D9113-8938-DA49-3035-D94C6741E6F2}.Release|x64.Build.0 = Release|x64
		{8B8D9113-8938-DA49-3035-D94C6741E6F2}.Debug|Win32.ActiveCfg = Debug|Win32
		{8B8D9113-8938-DA49-3035-D94C6741E6F2}.Debug|Win32.Build.0 = Debug|Win32
		{8B8D9113-8938-DA49-3035-D94C6741E6F2}.Debug|x64.ActiveCfg = Debug|x64
		{8B8D9113-8938-DA49-3035-D94C6741E6F2}.Debug|x64.Build.0 = Debug|x64
		{8B8D9113-8938-DA49-3035-D94C6741E6F2}.Release|Win32.ActiveCfg = Release|Win32
		{8B8D9113-8938-DA49-3035-D94C6741E6F2}.Release|Win32.Build.0 = Release|Win32
		{9F09C28B-1550-C3E9-F9C3-1BB2F3C92ED9}.Release|x64.ActiveCfg = Release|x64
		{9F09C28B-1550-C3E9-F9C3-1BB2F3C92ED9}.Release|x64.Build.0 = Release|x64
		{9F09C28B-1550-C3E9-F9C3-1BB2F3C92ED9}.Debug|Win32.ActiveCfg = Debug|Win32
		{9F09C28B-1550-C3E9-F9C3-1BB2F3C92ED9}.Debug|Win32.Build.0 = Debug|Win32
		{9F09C28B-1550-C3E9-F9C3-1BB2F3C92ED9}.Debug|x64.ActiveCfg = Debug|x64
		{9F09C28B-1550-C3E9-F9C3-1BB2F3C92ED9}.Debug|x64.Build.0 = Debug|x64
		{9F09C28B-1550-C3E9-F9C3-1BB2F3C92ED9}.Release|Win32.ActiveCfg = Release|Win32
		{9F09C28B-1550-C3E9-F9C3-1BB2F3C92ED9}.Release|Win32.Build.0 = Release|Win32
		{BC48C056-ACC9-02E7-13E4-ADC442DE6C2A}.Release|x64.ActiveCfg = Release|x64
		{BC48C056-ACC9-02E7-13E4-ADC442DE6C2A}.Release|x64.Build.0 = Release|x64
		{BC48C056-ACC9-02E7-13E4-ADC442DE6C2A}.Debug|Win32.ActiveCfg = Debug|Win32
		{BC48C056-ACC9-02E7-13E4-ADC442DE6C2A}.Debug|Win32.Build.0 = Debug|Win32
		{BC48C056-ACC9-02E7-13E4-ADC442DE6C2A}.Debug|x64.ActiveCfg = Debug|x64
		{BC48C056-ACC9-02E7-13E4-ADC442DE6C2A}.Debug|x64.Build.0 = Debug|x64
		{BC48C056-ACC9-02E7-13E4-ADC442DE6C2A}.Release|Win32.ActiveCfg = Release|Win32
		{BC48C056-ACC9-02E7-13E4-ADC442DE6C2A}.Release|Win32.Build.0 = Release|Win32
		{E113A697-4616-920C-DF2B-56EBD88F942D}.Release|x64.ActiveCfg = Release|x64
		{E113A697-4616-920C-DF2B-56EBD88F942D}.Release|x64.Build.0 = Release|x64
		{E113A697-4616-920C-DF2B-56EBD88F942D}.Debug|Win32.ActiveCfg = Debug|Win32
		{E113A697-4616-920C-DF2B-56EBD88F942D}.Debug|Win32.Build.0 = Debug|Win32
		{E113A697-4616-920C-DF2B-56EBD88F942D}.Debug|x64.ActiveCfg = Debug|x64
		{E113A697-4616-920C-DF2B-56EBD88F942D}.Debug|x64.Build.0 = Debug|x64
		{E113A697-4616-920C-DF2B-56EBD88F942D}.Release|Win32.ActiveCfg = Release|Win32
		{E113A697-4616-920C-DF2B-56EBD88F942D}.Release|Win32.Build.0 = Release|Win32
		{EFD56120-BD86-7F1B-D80F-C39126E6D96D}.Release|x64.ActiveCfg = Release|x64
		{EFD56120-BD86-7F1B-D80F-C39126E6D96D}.Release|x64.Build.0 = Release|x64
		{EFD56120-BD86-7F1B-D80F-C39126E6D96D}.Debug|Win32.ActiveCfg = Debug|x64
		{EFD56120-BD86-7F1B-D80F-C39126E6D96D}.Debug|Win32.Build.0 = Debug|x64
		{EFD56120-BD86-7F1B-D80F-C39126E6D96D}.Debug|x64.ActiveCfg = Debug|x64
		{EFD56120-BD86-7F1B-D80F-C39126E6D96D}.Debug|x64.Build.0 = Debug|x64
		{EFD56120-BD86-7F1B-D80F-C39126E6D96D}.Release|Win32.ActiveCfg = Release|x64
		{EFD56120-BD86-7F1B-D80F-C39126E6D96D}.Release|Win32.Build.0 = Release|x64
	EndGlobalSection
	GlobalSection(SolutionProperties) = preSolution
		HideSolutionNode = FALSE
	EndGlobalSection
	GlobalSection(NestedProjects) = preSolution
		{9F09C28B-1550-C3E9-F9C3-1BB2F3C92ED9} = {6478B9F3-4858-63F4-35F4-98A303E305F3}
		{BC48C056-ACC9-02E7-13E4-ADC442DE6C2A} = {6478B9F3-4858-63F4-35F4-98A303E305F3}
		{EFD56120-BD86-7F1B-D80F-C39126E6D96D} = {6478B9F3-4858-63F4-35F4-98A303E305F3}
		{280D0ABE-325D-5351-AA15-A92734065AD4} = {6478B9F3-4858-63F4-35F4-98A303E305F3}
		{E113A697-4616-920C-DF2B-56EBD88F942D} = {6478B9F3-4858-63F4-35F4-98A303E305F3}
		{408329E1-3F50-8088-A4DC-8ABD6A845F65} = {6478B9F3-4858-63F4-35F4-98A303E305F3}
		{6478B9F3-4858-63F4-35F4-98A303E305F3} = {9785FB75-982A-5DE3-252D-3F288B9FEF5B}
		{3E7FA5AF-27B3-2DE0-883C-12F98E7F4E81} = {9785FB75-982A-5DE3-252D-3F288B9FEF5B}
		{7FE859D3-D869-22C1-9F2B-4127F844B4F2} = {EAC80D00-01D2-3F49-A377-20B7154947F3}
		{8B8D9113-8938-DA49-3035-D94C6741E6F2} = {EAC80D00-01D2-3F49-A377-20B7154947F3}
		{469A6C22-96F3-1A5D-988D-343E7ED10A15} = {3E7FA5AF-27B3-2DE0-883C-12F98E7F4E81}
	EndGlobalSection
EndGlobal
