<?xml version="1.0" encoding="utf-8"?>
<Project ToolsVersion="4.0" xmlns="http://schemas.microsoft.com/developer/msbuild/2003">
  <ItemGroup>
    <Filter Include="gestures">
      <UniqueIdentifier>{5C5CF04C-E63C-410F-70B0-EE625427D8CC}</UniqueIdentifier>
    </Filter>
    <Filter Include="win">
      <UniqueIdentifier>{47FC5EC4-15EB-E92F-89D7-AFE51CF838A9}</UniqueIdentifier>
    </Filter>
    <Filter Include="keycodes">
      <UniqueIdentifier>{12B31B02-0E42-8162-B54F-E65772B458CF}</UniqueIdentifier>
    </Filter>
    <Filter Include="keycodes\_excluded_files">
      <UniqueIdentifier>{158E591E-B6EA-0C85-8F5A-18EAFA09B4CE}</UniqueIdentifier>
    </Filter>
    <Filter Include="cocoa">
      <UniqueIdentifier>{7DE7C50E-B7F9-3610-CB61-C0F25CD5170C}</UniqueIdentifier>
    </Filter>
    <Filter Include="cocoa\_excluded_files">
      <UniqueIdentifier>{158E591E-B6EA-0C85-8F5A-18EAFA09B4CE}</UniqueIdentifier>
    </Filter>
  </ItemGroup>
  <ItemGroup>
    <ClInclude Include="event_utils.h"/>
    <ClCompile Include="latency_info.cc"/>
    <ClInclude Include="event_dispatcher.h"/>
    <ClCompile Include="event_switches.cc"/>
    <ClCompile Include="event_handler.cc"/>
    <ClInclude Include="event_handler.h"/>
    <ClCompile Include="event_utils.cc"/>
    <ClInclude Include="event_constants.h"/>
    <ClInclude Include="event_target.h"/>
    <ClCompile Include="event_target.cc"/>
    <ClInclude Include="events_export.h"/>
    <ClInclude Include="latency_info.h"/>
    <ClCompile Include="event.cc"/>
    <ClInclude Include="event.h"/>
    <ClInclude Include="event_switches.h"/>
    <ClCompile Include="event_dispatcher.cc"/>
    <None Include="events.gyp"/>
    <ClCompile Include="gestures\gesture_recognizer_impl.cc">
      <Filter>gestures</Filter>
    </ClCompile>
    <ClInclude Include="gestures\gesture_configuration.h">
      <Filter>gestures</Filter>
    </ClInclude>
    <ClInclude Include="gestures\gesture_recognizer_impl.h">
      <Filter>gestures</Filter>
    </ClInclude>
    <ClInclude Include="gestures\gesture_types.h">
      <Filter>gestures</Filter>
    </ClInclude>
    <ClCompile Include="gestures\gesture_sequence.cc">
      <Filter>gestures</Filter>
    </ClCompile>
    <ClInclude Include="gestures\velocity_calculator.h">
      <Filter>gestures</Filter>
    </ClInclude>
    <ClCompile Include="gestures\velocity_calculator.cc">
      <Filter>gestures</Filter>
    </ClCompile>
    <ClInclude Include="gestures\gesture_recognizer.h">
      <Filter>gestures</Filter>
    </ClInclude>
    <ClCompile Include="gestures\gesture_configuration.cc">
      <Filter>gestures</Filter>
    </ClCompile>
    <ClInclude Include="gestures\gesture_point.h">
      <Filter>gestures</Filter>
    </ClInclude>
    <ClInclude Include="gestures\gesture_sequence.h">
      <Filter>gestures</Filter>
    </ClInclude>
    <ClCompile Include="gestures\gesture_point.cc">
      <Filter>gestures</Filter>
    </ClCompile>
    <ClInclude Include="gestures\gesture_util.h">
      <Filter>gestures</Filter>
    </ClInclude>
    <ClCompile Include="gestures\gesture_util.cc">
      <Filter>gestures</Filter>
    </ClCompile>
    <ClCompile Include="gestures\gesture_types.cc">
      <Filter>gestures</Filter>
    </ClCompile>
    <ClCompile Include="win\events_win.cc">
      <Filter>win</Filter>
    </ClCompile>
    <ClCompile Include="keycodes\keyboard_code_conversion.cc">
      <Filter>keycodes</Filter>
    </ClCompile>
    <ClInclude Include="keycodes\keyboard_codes.h">
      <Filter>keycodes</Filter>
    </ClInclude>
    <ClInclude Include="keycodes\keyboard_code_conversion.h">
      <Filter>keycodes</Filter>
    </ClInclude>
    <ClInclude Include="keycodes\keyboard_code_conversion_win.h">
      <Filter>keycodes</Filter>
    </ClInclude>
    <ClInclude Include="keycodes\keyboard_code_conversion_android.h">
      <Filter>keycodes</Filter>
    </ClInclude>
    <ClCompile Include="keycodes\keyboard_code_conversion_win.cc">
      <Filter>keycodes</Filter>
    </ClCompile>
    <ClInclude Include="keycodes\keyboard_code_conversion_mac.h">
      <Filter>keycodes\_excluded_files</Filter>
    </ClInclude>
    <ClCompile Include="keycodes\keyboard_code_conversion_android.cc">
      <Filter>keycodes\_excluded_files</Filter>
    </ClCompile>
    <None Include="keycodes\keyboard_code_conversion_mac.mm">
      <Filter>keycodes\_excluded_files</Filter>
    </None>
    <None Include="cocoa\events_mac.mm">
      <Filter>cocoa\_excluded_files</Filter>
    </None>
  </ItemGroup>
</Project>
