Microsoft Visual Studio Solution File, Format Version 11.00
# Visual Studio 2010
Project("{2150E333-8FDC-42A3-9474-1A3956D46DE8}") = "(allocator)", "allocator", "{6478B9F3-4858-63F4-35F4-98A303E305F3}"
EndProject
Project("{2150E333-8FDC-42A3-9474-1A3956D46DE8}") = "(base)", ".", "{9785FB75-982A-5DE3-252D-3F288B9FEF5B}"
EndProject
Project("{2150E333-8FDC-42A3-9474-1A3956D46DE8}") = "(dynamic_annotations)", "third_party\dynamic_annotations", "{EF1E4970-C119-B0D7-F5D6-321C6AE66EDC}"
EndProject
Project("{2150E333-8FDC-42A3-9474-1A3956D46DE8}") = "(testing)", "..\testing", "{EAC80D00-01D2-3F49-A377-20B7154947F3}"
EndProject
Project("{2150E333-8FDC-42A3-9474-1A3956D46DE8}") = "(third_party)", "third_party", "{3E7FA5AF-27B3-2DE0-883C-12F98E7F4E81}"
EndProject
Project("{2150E333-8FDC-42A3-9474-1A3956D46DE8}") = "(third_party)", "..\third_party", "{89C816A7-DD31-D54C-C69C-5A80E0C49B77}"
EndProject
Project("{8BC9CEB8-8B4A-11D0-8D11-00A0C91BC942}") = "allocator", "allocator\allocator.vcxproj", "{9F09C28B-1550-C3E9-F9C3-1BB2F3C92ED9}"
	ProjectSection(ProjectDependencies) = postProject
		{E113A697-4616-920C-DF2B-56EBD88F942D} = {E113A697-4616-920C-DF2B-56EBD88F942D}
	EndProjectSection
EndProject
Project("{8BC9CEB8-8B4A-11D0-8D11-00A0C91BC942}") = "allocator_extension_thunks", "allocator\allocator_extension_thunks.vcxproj", "{BC48C056-ACC9-02E7-13E4-ADC442DE6C2A}"
EndProject
Project("{8BC9CEB8-8B4A-11D0-8D11-00A0C91BC942}") = "allocator_extension_thunks_win64", "allocator\allocator_extension_thunks_win64.vcxproj", "{EFD56120-BD86-7F1B-D80F-C39126E6D96D}"
EndProject
Project("{8BC9CEB8-8B4A-11D0-8D11-00A0C91BC942}") = "base", "base.vcxproj", "{730E5CF2-D96D-CB16-9476-5B3AB5872EAB}"
	ProjectSection(ProjectDependencies) = postProject
		{8B8D9113-8938-DA49-3035-D94C6741E6F2} = {8B8D9113-8938-DA49-3035-D94C6741E6F2}
	EndProjectSection
EndProject
Project("{8BC9CEB8-8B4A-11D0-8D11-00A0C91BC942}") = "base_nacl_win64", "base_nacl_win64.vcxproj", "{4BC5B67C-736D-D535-C726-FD5E5FBEDD07}"
EndProject
Project("{8BC9CEB8-8B4A-11D0-8D11-00A0C91BC942}") = "base_prefs", "base_prefs.vcxproj", "{B4C5300E-9F5A-1479-9E68-1A67B965137C}"
EndProject
Project("{8BC9CEB8-8B4A-11D0-8D11-00A0C91BC942}") = "base_prefs_test_support", "base_prefs_test_support.vcxproj", "{A37A5402-AA64-E5C5-A451-60610ECE9694}"
EndProject
Project("{8BC9CEB8-8B4A-11D0-8D11-00A0C91BC942}") = "base_static", "base_static.vcxproj", "{389A9186-B2B0-A7FC-9DAD-3A48BF240951}"
EndProject
Project("{8BC9CEB8-8B4A-11D0-8D11-00A0C91BC942}") = "base_static_win64", "base_static_win64.vcxproj", "{FF0EC0C9-C0C5-058E-2F6D-379F34BCFD94}"
EndProject
Project("{8BC9CEB8-8B4A-11D0-8D11-00A0C91BC942}") = "base_unittests", "base_unittests.vcxproj", "{7DD3D9C2-E7AE-5363-21D5-400934A61905}"
	ProjectSection(ProjectDependencies) = postProject
		{730E5CF2-D96D-CB16-9476-5B3AB5872EAB} = {730E5CF2-D96D-CB16-9476-5B3AB5872EAB}
		{B4C5300E-9F5A-1479-9E68-1A67B965137C} = {B4C5300E-9F5A-1479-9E68-1A67B965137C}
		{A37A5402-AA64-E5C5-A451-60610ECE9694} = {A37A5402-AA64-E5C5-A451-60610ECE9694}
		{389A9186-B2B0-A7FC-9DAD-3A48BF240951} = {389A9186-B2B0-A7FC-9DAD-3A48BF240951}
		{62FD63DA-6AE8-0DD0-1733-537943F69263} = {62FD63DA-6AE8-0DD0-1733-537943F69263}
		{4BF4C4A0-EC8C-8952-23AE-8CB81591E7D3} = {4BF4C4A0-EC8C-8952-23AE-8CB81591E7D3}
		{469A6C22-96F3-1A5D-988D-343E7ED10A15} = {469A6C22-96F3-1A5D-988D-343E7ED10A15}
		{93EBD47C-822F-6A31-F7C1-168E652CAF69} = {93EBD47C-822F-6A31-F7C1-168E652CAF69}
		{7FE859D3-D869-22C1-9F2B-4127F844B4F2} = {7FE859D3-D869-22C1-9F2B-4127F844B4F2}
		{9F09C28B-1550-C3E9-F9C3-1BB2F3C92ED9} = {9F09C28B-1550-C3E9-F9C3-1BB2F3C92ED9}
		{BC48C056-ACC9-02E7-13E4-ADC442DE6C2A} = {BC48C056-ACC9-02E7-13E4-ADC442DE6C2A}
		{8B8D9113-8938-DA49-3035-D94C6741E6F2} = {8B8D9113-8938-DA49-3035-D94C6741E6F2}
		{B8BBB78C-1F1A-0E78-3C67-68A5109D3DE6} = {B8BBB78C-1F1A-0E78-3C67-68A5109D3DE6}
		{E113A697-4616-920C-DF2B-56EBD88F942D} = {E113A697-4616-920C-DF2B-56EBD88F942D}
	EndProjectSection
EndProject
Project("{8BC9CEB8-8B4A-11D0-8D11-00A0C91BC942}") = "base_unittests_run", "base_unittests_run.vcxproj", "{90A88708-A04E-AD1C-45D7-3D3A22DBA8E0}"
	ProjectSection(ProjectDependencies) = postProject
		{7DD3D9C2-E7AE-5363-21D5-400934A61905} = {7DD3D9C2-E7AE-5363-21D5-400934A61905}
	EndProjectSection
EndProject
Project("{8BC9CEB8-8B4A-11D0-8D11-00A0C91BC942}") = "check_example", "check_example.vcxproj", "{1E3B9845-C043-D83E-BD92-39240C299A9F}"
	ProjectSection(ProjectDependencies) = postProject
		{730E5CF2-D96D-CB16-9476-5B3AB5872EAB} = {730E5CF2-D96D-CB16-9476-5B3AB5872EAB}
		{389A9186-B2B0-A7FC-9DAD-3A48BF240951} = {389A9186-B2B0-A7FC-9DAD-3A48BF240951}
		{BC48C056-ACC9-02E7-13E4-ADC442DE6C2A} = {BC48C056-ACC9-02E7-13E4-ADC442DE6C2A}
		{8B8D9113-8938-DA49-3035-D94C6741E6F2} = {8B8D9113-8938-DA49-3035-D94C6741E6F2}
		{B8BBB78C-1F1A-0E78-3C67-68A5109D3DE6} = {B8BBB78C-1F1A-0E78-3C67-68A5109D3DE6}
		{469A6C22-96F3-1A5D-988D-343E7ED10A15} = {469A6C22-96F3-1A5D-988D-343E7ED10A15}
	EndProjectSection
EndProject
Project("{8BC9CEB8-8B4A-11D0-8D11-00A0C91BC942}") = "debug_message", "debug_message.vcxproj", "{F9F81143-0862-8D1A-A49F-11A5BC26ABEA}"
EndProject
Project("{8BC9CEB8-8B4A-11D0-8D11-00A0C91BC942}") = "dynamic_annotations", "third_party\dynamic_annotations\dynamic_annotations.vcxproj", "{469A6C22-96F3-1A5D-988D-343E7ED10A15}"
EndProject
Project("{8BC9CEB8-8B4A-11D0-8D11-00A0C91BC942}") = "dynamic_annotations_win64", "third_party\dynamic_annotations\dynamic_annotations_win64.vcxproj", "{65995C65-0DDA-41EF-996C-94EDBA2BA510}"
EndProject
Project("{8BC9CEB8-8B4A-11D0-8D11-00A0C91BC942}") = "gmock", "..\testing\gmock.vcxproj", "{93EBD47C-822F-6A31-F7C1-168E652CAF69}"
EndProject
Project("{8BC9CEB8-8B4A-11D0-8D11-00A0C91BC942}") = "gtest", "..\testing\gtest.vcxproj", "{7FE859D3-D869-22C1-9F2B-4127F844B4F2}"
	ProjectSection(ProjectDependencies) = postProject
		{8B8D9113-8938-DA49-3035-D94C6741E6F2} = {8B8D9113-8938-DA49-3035-D94C6741E6F2}
	EndProjectSection
EndProject
Project("{8BC9CEB8-8B4A-11D0-8D11-00A0C91BC942}") = "gtest_prod", "..\testing\gtest_prod.vcxproj", "{8B8D9113-8938-DA49-3035-D94C6741E6F2}"
EndProject
Project("{8BC9CEB8-8B4A-11D0-8D11-00A0C91BC942}") = "libcmt", "allocator\libcmt.vcxproj", "{E113A697-4616-920C-DF2B-56EBD88F942D}"
EndProject
Project("{8BC9CEB8-8B4A-11D0-8D11-00A0C91BC942}") = "modp_b64", "..\third_party\modp_b64\modp_b64.vcxproj", "{B8BBB78C-1F1A-0E78-3C67-68A5109D3DE6}"
EndProject
Project("{8BC9CEB8-8B4A-11D0-8D11-00A0C91BC942}") = "run_all_unittests", "run_all_unittests.vcxproj", "{62FD63DA-6AE8-0DD0-1733-537943F69263}"
EndProject
Project("{8BC9CEB8-8B4A-11D0-8D11-00A0C91BC942}") = "test_support_base", "test_support_base.vcxproj", "{4BF4C4A0-EC8C-8952-23AE-8CB81591E7D3}"
EndProject
Project("{8BC9CEB8-8B4A-11D0-8D11-00A0C91BC942}") = "test_support_perf", "test_support_perf.vcxproj", "{043668A9-04B2-7FE9-2FC6-2407022384C8}"
EndProject
Global
	GlobalSection(SolutionConfigurationPlatforms) = preSolution
		Release|x64 = Release|x64
		Debug|Win32 = Debug|Win32
		Debug|x64 = Debug|x64
		Release|Win32 = Release|Win32
	EndGlobalSection
	GlobalSection(ProjectConfigurationPlatforms) = postSolution
		{043668A9-04B2-7FE9-2FC6-2407022384C8}.Release|x64.ActiveCfg = Release|x64
		{043668A9-04B2-7FE9-2FC6-2407022384C8}.Release|x64.Build.0 = Release|x64
		{043668A9-04B2-7FE9-2FC6-2407022384C8}.Debug|Win32.ActiveCfg = Debug|Win32
		{043668A9-04B2-7FE9-2FC6-2407022384C8}.Debug|Win32.Build.0 = Debug|Win32
		{043668A9-04B2-7FE9-2FC6-2407022384C8}.Debug|x64.ActiveCfg = Debug|x64
		{043668A9-04B2-7FE9-2FC6-2407022384C8}.Debug|x64.Build.0 = Debug|x64
		{043668A9-04B2-7FE9-2FC6-2407022384C8}.Release|Win32.ActiveCfg = Release|Win32
		{043668A9-04B2-7FE9-2FC6-2407022384C8}.Release|Win32.Build.0 = Release|Win32
		{1E3B9845-C043-D83E-BD92-39240C299A9F}.Release|x64.ActiveCfg = Release|x64
		{1E3B9845-C043-D83E-BD92-39240C299A9F}.Release|x64.Build.0 = Release|x64
		{1E3B9845-C043-D83E-BD92-39240C299A9F}.Debug|Win32.ActiveCfg = Debug|Win32
		{1E3B9845-C043-D83E-BD92-39240C299A9F}.Debug|Win32.Build.0 = Debug|Win32
		{1E3B9845-C043-D83E-BD92-39240C299A9F}.Debug|x64.ActiveCfg = Debug|x64
		{1E3B9845-C043-D83E-BD92-39240C299A9F}.Debug|x64.Build.0 = Debug|x64
		{1E3B9845-C043-D83E-BD92-39240C299A9F}.Release|Win32.ActiveCfg = Release|Win32
		{1E3B9845-C043-D83E-BD92-39240C299A9F}.Release|Win32.Build.0 = Release|Win32
		{389A9186-B2B0-A7FC-9DAD-3A48BF240951}.Release|x64.ActiveCfg = Release|x64
		{389A9186-B2B0-A7FC-9DAD-3A48BF240951}.Release|x64.Build.0 = Release|x64
		{389A9186-B2B0-A7FC-9DAD-3A48BF240951}.Debug|Win32.ActiveCfg = Debug|Win32
		{389A9186-B2B0-A7FC-9DAD-3A48BF240951}.Debug|Win32.Build.0 = Debug|Win32
		{389A9186-B2B0-A7FC-9DAD-3A48BF240951}.Debug|x64.ActiveCfg = Debug|x64
		{389A9186-B2B0-A7FC-9DAD-3A48BF240951}.Debug|x64.Build.0 = Debug|x64
		{389A9186-B2B0-A7FC-9DAD-3A48BF240951}.Release|Win32.ActiveCfg = Release|Win32
		{389A9186-B2B0-A7FC-9DAD-3A48BF240951}.Release|Win32.Build.0 = Release|Win32
		{469A6C22-96F3-1A5D-988D-343E7ED10A15}.Release|x64.ActiveCfg = Release|x64
		{469A6C22-96F3-1A5D-988D-343E7ED10A15}.Release|x64.Build.0 = Release|x64
		{469A6C22-96F3-1A5D-988D-343E7ED10A15}.Debug|Win32.ActiveCfg = Debug|Win32
		{469A6C22-96F3-1A5D-988D-343E7ED10A15}.Debug|Win32.Build.0 = Debug|Win32
		{469A6C22-96F3-1A5D-988D-343E7ED10A15}.Debug|x64.ActiveCfg = Debug|x64
		{469A6C22-96F3-1A5D-988D-343E7ED10A15}.Debug|x64.Build.0 = Debug|x64
		{469A6C22-96F3-1A5D-988D-343E7ED10A15}.Release|Win32.ActiveCfg = Release|Win32
		{469A6C22-96F3-1A5D-988D-343E7ED10A15}.Release|Win32.Build.0 = Release|Win32
		{4BC5B67C-736D-D535-C726-FD5E5FBEDD07}.Release|x64.ActiveCfg = Release|x64
		{4BC5B67C-736D-D535-C726-FD5E5FBEDD07}.Release|x64.Build.0 = Release|x64
		{4BC5B67C-736D-D535-C726-FD5E5FBEDD07}.Debug|Win32.ActiveCfg = Debug|x64
		{4BC5B67C-736D-D535-C726-FD5E5FBEDD07}.Debug|Win32.Build.0 = Debug|x64
		{4BC5B67C-736D-D535-C726-FD5E5FBEDD07}.Debug|x64.ActiveCfg = Debug|x64
		{4BC5B67C-736D-D535-C726-FD5E5FBEDD07}.Debug|x64.Build.0 = Debug|x64
		{4BC5B67C-736D-D535-C726-FD5E5FBEDD07}.Release|Win32.ActiveCfg = Release|x64
		{4BC5B67C-736D-D535-C726-FD5E5FBEDD07}.Release|Win32.Build.0 = Release|x64
		{4BF4C4A0-EC8C-8952-23AE-8CB81591E7D3}.Release|x64.ActiveCfg = Release|x64
		{4BF4C4A0-EC8C-8952-23AE-8CB81591E7D3}.Release|x64.Build.0 = Release|x64
		{4BF4C4A0-EC8C-8952-23AE-8CB81591E7D3}.Debug|Win32.ActiveCfg = Debug|Win32
		{4BF4C4A0-EC8C-8952-23AE-8CB81591E7D3}.Debug|Win32.Build.0 = Debug|Win32
		{4BF4C4A0-EC8C-8952-23AE-8CB81591E7D3}.Debug|x64.ActiveCfg = Debug|x64
		{4BF4C4A0-EC8C-8952-23AE-8CB81591E7D3}.Debug|x64.Build.0 = Debug|x64
		{4BF4C4A0-EC8C-8952-23AE-8CB81591E7D3}.Release|Win32.ActiveCfg = Release|Win32
		{4BF4C4A0-EC8C-8952-23AE-8CB81591E7D3}.Release|Win32.Build.0 = Release|Win32
		{62FD63DA-6AE8-0DD0-1733-537943F69263}.Release|x64.ActiveCfg = Release|x64
		{62FD63DA-6AE8-0DD0-1733-537943F69263}.Release|x64.Build.0 = Release|x64
		{62FD63DA-6AE8-0DD0-1733-537943F69263}.Debug|Win32.ActiveCfg = Debug|Win32
		{62FD63DA-6AE8-0DD0-1733-537943F69263}.Debug|Win32.Build.0 = Debug|Win32
		{62FD63DA-6AE8-0DD0-1733-537943F69263}.Debug|x64.ActiveCfg = Debug|x64
		{62FD63DA-6AE8-0DD0-1733-537943F69263}.Debug|x64.Build.0 = Debug|x64
		{62FD63DA-6AE8-0DD0-1733-537943F69263}.Release|Win32.ActiveCfg = Release|Win32
		{62FD63DA-6AE8-0DD0-1733-537943F69263}.Release|Win32.Build.0 = Release|Win32
		{65995C65-0DDA-41EF-996C-94EDBA2BA510}.Release|x64.ActiveCfg = Release|x64
		{65995C65-0DDA-41EF-996C-94EDBA2BA510}.Release|x64.Build.0 = Release|x64
		{65995C65-0DDA-41EF-996C-94EDBA2BA510}.Debug|Win32.ActiveCfg = Debug|x64
		{65995C65-0DDA-41EF-996C-94EDBA2BA510}.Debug|Win32.Build.0 = Debug|x64
		{65995C65-0DDA-41EF-996C-94EDBA2BA510}.Debug|x64.ActiveCfg = Debug|x64
		{65995C65-0DDA-41EF-996C-94EDBA2BA510}.Debug|x64.Build.0 = Debug|x64
		{65995C65-0DDA-41EF-996C-94EDBA2BA510}.Release|Win32.ActiveCfg = Release|x64
		{65995C65-0DDA-41EF-996C-94EDBA2BA510}.Release|Win32.Build.0 = Release|x64
		{730E5CF2-D96D-CB16-9476-5B3AB5872EAB}.Release|x64.ActiveCfg = Release|x64
		{730E5CF2-D96D-CB16-9476-5B3AB5872EAB}.Release|x64.Build.0 = Release|x64
		{730E5CF2-D96D-CB16-9476-5B3AB5872EAB}.Debug|Win32.ActiveCfg = Debug|Win32
		{730E5CF2-D96D-CB16-9476-5B3AB5872EAB}.Debug|Win32.Build.0 = Debug|Win32
		{730E5CF2-D96D-CB16-9476-5B3AB5872EAB}.Debug|x64.ActiveCfg = Debug|x64
		{730E5CF2-D96D-CB16-9476-5B3AB5872EAB}.Debug|x64.Build.0 = Debug|x64
		{730E5CF2-D96D-CB16-9476-5B3AB5872EAB}.Release|Win32.ActiveCfg = Release|Win32
		{730E5CF2-D96D-CB16-9476-5B3AB5872EAB}.Release|Win32.Build.0 = Release|Win32
		{7DD3D9C2-E7AE-5363-21D5-400934A61905}.Release|x64.ActiveCfg = Release|x64
		{7DD3D9C2-E7AE-5363-21D5-400934A61905}.Release|x64.Build.0 = Release|x64
		{7DD3D9C2-E7AE-5363-21D5-400934A61905}.Debug|Win32.ActiveCfg = Debug|Win32
		{7DD3D9C2-E7AE-5363-21D5-400934A61905}.Debug|Win32.Build.0 = Debug|Win32
		{7DD3D9C2-E7AE-5363-21D5-400934A61905}.Debug|x64.ActiveCfg = Debug|x64
		{7DD3D9C2-E7AE-5363-21D5-400934A61905}.Debug|x64.Build.0 = Debug|x64
		{7DD3D9C2-E7AE-5363-21D5-400934A61905}.Release|Win32.ActiveCfg = Release|Win32
		{7DD3D9C2-E7AE-5363-21D5-400934A61905}.Release|Win32.Build.0 = Release|Win32
		{7FE859D3-D869-22C1-9F2B-4127F844B4F2}.Release|x64.ActiveCfg = Release|x64
		{7FE859D3-D869-22C1-9F2B-4127F844B4F2}.Release|x64.Build.0 = Release|x64
		{7FE859D3-D869-22C1-9F2B-4127F844B4F2}.Debug|Win32.ActiveCfg = Debug|Win32
		{7FE859D3-D869-22C1-9F2B-4127F844B4F2}.Debug|Win32.Build.0 = Debug|Win32
		{7FE859D3-D869-22C1-9F2B-4127F844B4F2}.Debug|x64.ActiveCfg = Debug|x64
		{7FE859D3-D869-22C1-9F2B-4127F844B4F2}.Debug|x64.Build.0 = Debug|x64
		{7FE859D3-D869-22C1-9F2B-4127F844B4F2}.Release|Win32.ActiveCfg = Release|Win32
		{7FE859D3-D869-22C1-9F2B-4127F844B4F2}.Release|Win32.Build.0 = Release|Win32
		{8B8D9113-8938-DA49-3035-D94C6741E6F2}.Release|x64.ActiveCfg = Release|x64
		{8B8D9113-8938-DA49-3035-D94C6741E6F2}.Release|x64.Build.0 = Release|x64
		{8B8D9113-8938-DA49-3035-D94C6741E6F2}.Debug|Win32.ActiveCfg = Debug|Win32
		{8B8D9113-8938-DA49-3035-D94C6741E6F2}.Debug|Win32.Build.0 = Debug|Win32
		{8B8D9113-8938-DA49-3035-D94C6741E6F2}.Debug|x64.ActiveCfg = Debug|x64
		{8B8D9113-8938-DA49-3035-D94C6741E6F2}.Debug|x64.Build.0 = Debug|x64
		{8B8D9113-8938-DA49-3035-D94C6741E6F2}.Release|Win32.ActiveCfg = Release|Win32
		{8B8D9113-8938-DA49-3035-D94C6741E6F2}.Release|Win32.Build.0 = Release|Win32
		{90A88708-A04E-AD1C-45D7-3D3A22DBA8E0}.Release|x64.ActiveCfg = Release|x64
		{90A88708-A04E-AD1C-45D7-3D3A22DBA8E0}.Release|x64.Build.0 = Release|x64
		{90A88708-A04E-AD1C-45D7-3D3A22DBA8E0}.Debug|Win32.ActiveCfg = Debug|Win32
		{90A88708-A04E-AD1C-45D7-3D3A22DBA8E0}.Debug|Win32.Build.0 = Debug|Win32
		{90A88708-A04E-AD1C-45D7-3D3A22DBA8E0}.Debug|x64.ActiveCfg = Debug|x64
		{90A88708-A04E-AD1C-45D7-3D3A22DBA8E0}.Debug|x64.Build.0 = Debug|x64
		{90A88708-A04E-AD1C-45D7-3D3A22DBA8E0}.Release|Win32.ActiveCfg = Release|Win32
		{90A88708-A04E-AD1C-45D7-3D3A22DBA8E0}.Release|Win32.Build.0 = Release|Win32
		{93EBD47C-822F-6A31-F7C1-168E652CAF69}.Release|x64.ActiveCfg = Release|x64
		{93EBD47C-822F-6A31-F7C1-168E652CAF69}.Release|x64.Build.0 = Release|x64
		{93EBD47C-822F-6A31-F7C1-168E652CAF69}.Debug|Win32.ActiveCfg = Debug|Win32
		{93EBD47C-822F-6A31-F7C1-168E652CAF69}.Debug|Win32.Build.0 = Debug|Win32
		{93EBD47C-822F-6A31-F7C1-168E652CAF69}.Debug|x64.ActiveCfg = Debug|x64
		{93EBD47C-822F-6A31-F7C1-168E652CAF69}.Debug|x64.Build.0 = Debug|x64
		{93EBD47C-822F-6A31-F7C1-168E652CAF69}.Release|Win32.ActiveCfg = Release|Win32
		{93EBD47C-822F-6A31-F7C1-168E652CAF69}.Release|Win32.Build.0 = Release|Win32
		{9F09C28B-1550-C3E9-F9C3-1BB2F3C92ED9}.Release|x64.ActiveCfg = Release|x64
		{9F09C28B-1550-C3E9-F9C3-1BB2F3C92ED9}.Release|x64.Build.0 = Release|x64
		{9F09C28B-1550-C3E9-F9C3-1BB2F3C92ED9}.Debug|Win32.ActiveCfg = Debug|Win32
		{9F09C28B-1550-C3E9-F9C3-1BB2F3C92ED9}.Debug|Win32.Build.0 = Debug|Win32
		{9F09C28B-1550-C3E9-F9C3-1BB2F3C92ED9}.Debug|x64.ActiveCfg = Debug|x64
		{9F09C28B-1550-C3E9-F9C3-1BB2F3C92ED9}.Debug|x64.Build.0 = Debug|x64
		{9F09C28B-1550-C3E9-F9C3-1BB2F3C92ED9}.Release|Win32.ActiveCfg = Release|Win32
		{9F09C28B-1550-C3E9-F9C3-1BB2F3C92ED9}.Release|Win32.Build.0 = Release|Win32
		{A37A5402-AA64-E5C5-A451-60610ECE9694}.Release|x64.ActiveCfg = Release|x64
		{A37A5402-AA64-E5C5-A451-60610ECE9694}.Release|x64.Build.0 = Release|x64
		{A37A5402-AA64-E5C5-A451-60610ECE9694}.Debug|Win32.ActiveCfg = Debug|Win32
		{A37A5402-AA64-E5C5-A451-60610ECE9694}.Debug|Win32.Build.0 = Debug|Win32
		{A37A5402-AA64-E5C5-A451-60610ECE9694}.Debug|x64.ActiveCfg = Debug|x64
		{A37A5402-AA64-E5C5-A451-60610ECE9694}.Debug|x64.Build.0 = Debug|x64
		{A37A5402-AA64-E5C5-A451-60610ECE9694}.Release|Win32.ActiveCfg = Release|Win32
		{A37A5402-AA64-E5C5-A451-60610ECE9694}.Release|Win32.Build.0 = Release|Win32
		{B4C5300E-9F5A-1479-9E68-1A67B965137C}.Release|x64.ActiveCfg = Release|x64
		{B4C5300E-9F5A-1479-9E68-1A67B965137C}.Release|x64.Build.0 = Release|x64
		{B4C5300E-9F5A-1479-9E68-1A67B965137C}.Debug|Win32.ActiveCfg = Debug|Win32
		{B4C5300E-9F5A-1479-9E68-1A67B965137C}.Debug|Win32.Build.0 = Debug|Win32
		{B4C5300E-9F5A-1479-9E68-1A67B965137C}.Debug|x64.ActiveCfg = Debug|x64
		{B4C5300E-9F5A-1479-9E68-1A67B965137C}.Debug|x64.Build.0 = Debug|x64
		{B4C5300E-9F5A-1479-9E68-1A67B965137C}.Release|Win32.ActiveCfg = Release|Win32
		{B4C5300E-9F5A-1479-9E68-1A67B965137C}.Release|Win32.Build.0 = Release|Win32
		{B8BBB78C-1F1A-0E78-3C67-68A5109D3DE6}.Release|x64.ActiveCfg = Release|x64
		{B8BBB78C-1F1A-0E78-3C67-68A5109D3DE6}.Release|x64.Build.0 = Release|x64
		{B8BBB78C-1F1A-0E78-3C67-68A5109D3DE6}.Debug|Win32.ActiveCfg = Debug|Win32
		{B8BBB78C-1F1A-0E78-3C67-68A5109D3DE6}.Debug|Win32.Build.0 = Debug|Win32
		{B8BBB78C-1F1A-0E78-3C67-68A5109D3DE6}.Debug|x64.ActiveCfg = Debug|x64
		{B8BBB78C-1F1A-0E78-3C67-68A5109D3DE6}.Debug|x64.Build.0 = Debug|x64
		{B8BBB78C-1F1A-0E78-3C67-68A5109D3DE6}.Release|Win32.ActiveCfg = Release|Win32
		{B8BBB78C-1F1A-0E78-3C67-68A5109D3DE6}.Release|Win32.Build.0 = Release|Win32
		{BC48C056-ACC9-02E7-13E4-ADC442DE6C2A}.Release|x64.ActiveCfg = Release|x64
		{BC48C056-ACC9-02E7-13E4-ADC442DE6C2A}.Release|x64.Build.0 = Release|x64
		{BC48C056-ACC9-02E7-13E4-ADC442DE6C2A}.Debug|Win32.ActiveCfg = Debug|Win32
		{BC48C056-ACC9-02E7-13E4-ADC442DE6C2A}.Debug|Win32.Build.0 = Debug|Win32
		{BC48C056-ACC9-02E7-13E4-ADC442DE6C2A}.Debug|x64.ActiveCfg = Debug|x64
		{BC48C056-ACC9-02E7-13E4-ADC442DE6C2A}.Debug|x64.Build.0 = Debug|x64
		{BC48C056-ACC9-02E7-13E4-ADC442DE6C2A}.Release|Win32.ActiveCfg = Release|Win32
		{BC48C056-ACC9-02E7-13E4-ADC442DE6C2A}.Release|Win32.Build.0 = Release|Win32
		{E113A697-4616-920C-DF2B-56EBD88F942D}.Release|x64.ActiveCfg = Release|x64
		{E113A697-4616-920C-DF2B-56EBD88F942D}.Release|x64.Build.0 = Release|x64
		{E113A697-4616-920C-DF2B-56EBD88F942D}.Debug|Win32.ActiveCfg = Debug|Win32
		{E113A697-4616-920C-DF2B-56EBD88F942D}.Debug|Win32.Build.0 = Debug|Win32
		{E113A697-4616-920C-DF2B-56EBD88F942D}.Debug|x64.ActiveCfg = Debug|x64
		{E113A697-4616-920C-DF2B-56EBD88F942D}.Debug|x64.Build.0 = Debug|x64
		{E113A697-4616-920C-DF2B-56EBD88F942D}.Release|Win32.ActiveCfg = Release|Win32
		{E113A697-4616-920C-DF2B-56EBD88F942D}.Release|Win32.Build.0 = Release|Win32
		{EFD56120-BD86-7F1B-D80F-C39126E6D96D}.Release|x64.ActiveCfg = Release|x64
		{EFD56120-BD86-7F1B-D80F-C39126E6D96D}.Release|x64.Build.0 = Release|x64
		{EFD56120-BD86-7F1B-D80F-C39126E6D96D}.Debug|Win32.ActiveCfg = Debug|x64
		{EFD56120-BD86-7F1B-D80F-C39126E6D96D}.Debug|Win32.Build.0 = Debug|x64
		{EFD56120-BD86-7F1B-D80F-C39126E6D96D}.Debug|x64.ActiveCfg = Debug|x64
		{EFD56120-BD86-7F1B-D80F-C39126E6D96D}.Debug|x64.Build.0 = Debug|x64
		{EFD56120-BD86-7F1B-D80F-C39126E6D96D}.Release|Win32.ActiveCfg = Release|x64
		{EFD56120-BD86-7F1B-D80F-C39126E6D96D}.Release|Win32.Build.0 = Release|x64
		{F9F81143-0862-8D1A-A49F-11A5BC26ABEA}.Release|x64.ActiveCfg = Release|x64
		{F9F81143-0862-8D1A-A49F-11A5BC26ABEA}.Release|x64.Build.0 = Release|x64
		{F9F81143-0862-8D1A-A49F-11A5BC26ABEA}.Debug|Win32.ActiveCfg = Debug|Win32
		{F9F81143-0862-8D1A-A49F-11A5BC26ABEA}.Debug|Win32.Build.0 = Debug|Win32
		{F9F81143-0862-8D1A-A49F-11A5BC26ABEA}.Debug|x64.ActiveCfg = Debug|x64
		{F9F81143-0862-8D1A-A49F-11A5BC26ABEA}.Debug|x64.Build.0 = Debug|x64
		{F9F81143-0862-8D1A-A49F-11A5BC26ABEA}.Release|Win32.ActiveCfg = Release|Win32
		{F9F81143-0862-8D1A-A49F-11A5BC26ABEA}.Release|Win32.Build.0 = Release|Win32
		{FF0EC0C9-C0C5-058E-2F6D-379F34BCFD94}.Release|x64.ActiveCfg = Release|x64
		{FF0EC0C9-C0C5-058E-2F6D-379F34BCFD94}.Release|x64.Build.0 = Release|x64
		{FF0EC0C9-C0C5-058E-2F6D-379F34BCFD94}.Debug|Win32.ActiveCfg = Debug|x64
		{FF0EC0C9-C0C5-058E-2F6D-379F34BCFD94}.Debug|Win32.Build.0 = Debug|x64
		{FF0EC0C9-C0C5-058E-2F6D-379F34BCFD94}.Debug|x64.ActiveCfg = Debug|x64
		{FF0EC0C9-C0C5-058E-2F6D-379F34BCFD94}.Debug|x64.Build.0 = Debug|x64
		{FF0EC0C9-C0C5-058E-2F6D-379F34BCFD94}.Release|Win32.ActiveCfg = Release|x64
		{FF0EC0C9-C0C5-058E-2F6D-379F34BCFD94}.Release|Win32.Build.0 = Release|x64
	EndGlobalSection
	GlobalSection(SolutionProperties) = preSolution
		HideSolutionNode = FALSE
	EndGlobalSection
	GlobalSection(NestedProjects) = preSolution
		{9F09C28B-1550-C3E9-F9C3-1BB2F3C92ED9} = {6478B9F3-4858-63F4-35F4-98A303E305F3}
		{BC48C056-ACC9-02E7-13E4-ADC442DE6C2A} = {6478B9F3-4858-63F4-35F4-98A303E305F3}
		{EFD56120-BD86-7F1B-D80F-C39126E6D96D} = {6478B9F3-4858-63F4-35F4-98A303E305F3}
		{E113A697-4616-920C-DF2B-56EBD88F942D} = {6478B9F3-4858-63F4-35F4-98A303E305F3}
		{6478B9F3-4858-63F4-35F4-98A303E305F3} = {9785FB75-982A-5DE3-252D-3F288B9FEF5B}
		{3E7FA5AF-27B3-2DE0-883C-12F98E7F4E81} = {9785FB75-982A-5DE3-252D-3F288B9FEF5B}
		{730E5CF2-D96D-CB16-9476-5B3AB5872EAB} = {9785FB75-982A-5DE3-252D-3F288B9FEF5B}
		{4BC5B67C-736D-D535-C726-FD5E5FBEDD07} = {9785FB75-982A-5DE3-252D-3F288B9FEF5B}
		{B4C5300E-9F5A-1479-9E68-1A67B965137C} = {9785FB75-982A-5DE3-252D-3F288B9FEF5B}
		{A37A5402-AA64-E5C5-A451-60610ECE9694} = {9785FB75-982A-5DE3-252D-3F288B9FEF5B}
		{389A9186-B2B0-A7FC-9DAD-3A48BF240951} = {9785FB75-982A-5DE3-252D-3F288B9FEF5B}
		{FF0EC0C9-C0C5-058E-2F6D-379F34BCFD94} = {9785FB75-982A-5DE3-252D-3F288B9FEF5B}
		{7DD3D9C2-E7AE-5363-21D5-400934A61905} = {9785FB75-982A-5DE3-252D-3F288B9FEF5B}
		{90A88708-A04E-AD1C-45D7-3D3A22DBA8E0} = {9785FB75-982A-5DE3-252D-3F288B9FEF5B}
		{1E3B9845-C043-D83E-BD92-39240C299A9F} = {9785FB75-982A-5DE3-252D-3F288B9FEF5B}
		{F9F81143-0862-8D1A-A49F-11A5BC26ABEA} = {9785FB75-982A-5DE3-252D-3F288B9FEF5B}
		{62FD63DA-6AE8-0DD0-1733-537943F69263} = {9785FB75-982A-5DE3-252D-3F288B9FEF5B}
		{4BF4C4A0-EC8C-8952-23AE-8CB81591E7D3} = {9785FB75-982A-5DE3-252D-3F288B9FEF5B}
		{043668A9-04B2-7FE9-2FC6-2407022384C8} = {9785FB75-982A-5DE3-252D-3F288B9FEF5B}
		{469A6C22-96F3-1A5D-988D-343E7ED10A15} = {EF1E4970-C119-B0D7-F5D6-321C6AE66EDC}
		{65995C65-0DDA-41EF-996C-94EDBA2BA510} = {EF1E4970-C119-B0D7-F5D6-321C6AE66EDC}
		{93EBD47C-822F-6A31-F7C1-168E652CAF69} = {EAC80D00-01D2-3F49-A377-20B7154947F3}
		{7FE859D3-D869-22C1-9F2B-4127F844B4F2} = {EAC80D00-01D2-3F49-A377-20B7154947F3}
		{8B8D9113-8938-DA49-3035-D94C6741E6F2} = {EAC80D00-01D2-3F49-A377-20B7154947F3}
		{EF1E4970-C119-B0D7-F5D6-321C6AE66EDC} = {3E7FA5AF-27B3-2DE0-883C-12F98E7F4E81}
		{B8BBB78C-1F1A-0E78-3C67-68A5109D3DE6} = {89C816A7-DD31-D54C-C69C-5A80E0C49B77}
	EndGlobalSection
EndGlobal
