<?xml version="1.0" encoding="utf-8"?>
<Project ToolsVersion="4.0" xmlns="http://schemas.microsoft.com/developer/msbuild/2003">
  <ItemGroup>
    <ClInclude Include="ipc_listener.h" />
    <ClInclude Include="ipc_message_macros.h" />
    <ClInclude Include="ipc_switches.h" />
    <ClInclude Include="ipc_message_utils.h" />
    <ClInclude Include="ipc_sync_message_filter.h" />
    <ClInclude Include="param_traits_log_macros.h" />
    <ClCompile Include="ipc_message.cc" />
    <ClInclude Include="ipc_export.h" />
    <ClCompile Include="ipc_channel_proxy.cc" />
    <ClInclude Include="ipc_logging.h" />
    <ClInclude Include="ipc_forwarding_message_filter.h" />
    <ClCompile Include="ipc_sync_channel.cc" />
    <ClInclude Include="ipc_sender.h" />
    <ClCompile Include="ipc_logging.cc" />
    <ClInclude Include="ipc_channel_handle.h" />
    <ClCompile Include="ipc_message_utils.cc" />
    <ClInclude Include="struct_constructor_macros.h" />
    <ClInclude Include="ipc_param_traits.h" />
    <ClInclude Include="param_traits_read_macros.h" />
    <None Include="ipc.gyp" />
    <ClInclude Include="ipc_channel_win.h" />
    <ClInclude Include="param_traits_macros.h" />
    <ClInclude Include="ipc_channel_reader.h" />
    <ClInclude Include="ipc_platform_file.h" />
    <ClInclude Include="ipc_sync_channel.h" />
    <ClInclude Include="unix_domain_socket_util.h" />
    <ClCompile Include="ipc_switches.cc" />
    <ClInclude Include="ipc_message_start.h" />
    <ClCompile Include="ipc_channel_reader.cc" />
    <ClInclude Include="ipc_channel_proxy.h" />
    <ClCompile Include="ipc_sync_message.cc" />
    <ClInclude Include="struct_destructor_macros.h" />
    <ClCompile Include="ipc_forwarding_message_filter.cc" />
    <ClInclude Include="ipc_sync_message.h" />
    <ClInclude Include="ipc_message.h" />
    <ClInclude Include="ipc_descriptors.h" />
    <ClCompile Include="ipc_channel_win.cc" />
    <ClCompile Include="ipc_channel.cc" />
    <ClInclude Include="param_traits_write_macros.h" />
    <ClCompile Include="ipc_sync_message_filter.cc" />
    <ClInclude Include="ipc_channel_factory.h" />
    <ClCompile Include="ipc_platform_file.cc" />
    <ClInclude Include="ipc_channel.h" />
  </ItemGroup>
</Project>